// !$*UTF8*$!
{
	archiveVersion = 1;
	classes = {
	};
	objectVersion = 46;
	objects = {

/* Begin PBXBuildFile section */
		0640730BBF54B6ED528B7B44 /* Pods_Think.framework in Frameworks */ = {isa = PBXBuildFile; fileRef = B9C7B197D1564C4ECD0230DB /* Pods_Think.framework */; settings = {ATTRIBUTES = (Weak, ); }; };
		81BA814B1A49DA1800E65899 /* AppDelegate.swift in Sources */ = {isa = PBXBuildFile; fileRef = 81BA814A1A49DA1800E65899 /* AppDelegate.swift */; };
		81BA814D1A49DA1800E65899 /* ViewController.swift in Sources */ = {isa = PBXBuildFile; fileRef = 81BA814C1A49DA1800E65899 /* ViewController.swift */; };
		81BA81501A49DA1800E65899 /* Main.storyboard in Resources */ = {isa = PBXBuildFile; fileRef = 81BA814E1A49DA1800E65899 /* Main.storyboard */; };
		81BA81521A49DA1800E65899 /* Images.xcassets in Resources */ = {isa = PBXBuildFile; fileRef = 81BA81511A49DA1800E65899 /* Images.xcassets */; };
		81BA81701A49DB6800E65899 /* Bolts.framework in Frameworks */ = {isa = PBXBuildFile; fileRef = 81BA816B1A49DB6800E65899 /* Bolts.framework */; };
		81BA81711A49DB6800E65899 /* Parse.framework in Frameworks */ = {isa = PBXBuildFile; fileRef = 81BA816C1A49DB6800E65899 /* Parse.framework */; };
		81BA81721A49DB6800E65899 /* ParseCrashReporting.framework in Frameworks */ = {isa = PBXBuildFile; fileRef = 81BA816D1A49DB6800E65899 /* ParseCrashReporting.framework */; };
		81BA81771A49E0D500E65899 /* libsqlite3.dylib in Frameworks */ = {isa = PBXBuildFile; fileRef = 81BA81761A49E0D500E65899 /* libsqlite3.dylib */; };
		81BA81791A49E0DB00E65899 /* AudioToolbox.framework in Frameworks */ = {isa = PBXBuildFile; fileRef = 81BA81781A49E0DB00E65899 /* AudioToolbox.framework */; };
		81BA817B1A49E0E500E65899 /* SystemConfiguration.framework in Frameworks */ = {isa = PBXBuildFile; fileRef = 81BA817A1A49E0E500E65899 /* SystemConfiguration.framework */; };
		81BA817F1A49E0F000E65899 /* libstdc++.6.dylib in Frameworks */ = {isa = PBXBuildFile; fileRef = 81BA817E1A49E0F000E65899 /* libstdc++.6.dylib */; };
		81BA81811A49E10C00E65899 /* ParseUI.framework in Frameworks */ = {isa = PBXBuildFile; fileRef = 81BA81801A49E10C00E65899 /* ParseUI.framework */; };
		A966ED581B737CB5002DFED8 /* Authentication.storyboard in Resources */ = {isa = PBXBuildFile; fileRef = A966ED571B737CB5002DFED8 /* Authentication.storyboard */; };
		A966ED5F1B737D10002DFED8 /* BaseViewController.swift in Sources */ = {isa = PBXBuildFile; fileRef = A966ED5E1B737D10002DFED8 /* BaseViewController.swift */; };
		A966ED611B737D31002DFED8 /* BaseNavigationController.swift in Sources */ = {isa = PBXBuildFile; fileRef = A966ED601B737D31002DFED8 /* BaseNavigationController.swift */; };
		A966ED691B737F16002DFED8 /* Bolts.framework in Frameworks */ = {isa = PBXBuildFile; fileRef = A966ED621B737F16002DFED8 /* Bolts.framework */; };
		A966ED6B1B737F16002DFED8 /* FBAudienceNetwork.framework in Frameworks */ = {isa = PBXBuildFile; fileRef = A966ED641B737F16002DFED8 /* FBAudienceNetwork.framework */; };
		A966ED6C1B737F16002DFED8 /* FBSDKCoreKit.framework in Frameworks */ = {isa = PBXBuildFile; fileRef = A966ED651B737F16002DFED8 /* FBSDKCoreKit.framework */; };
		A966ED6D1B737F16002DFED8 /* FBSDKLoginKit.framework in Frameworks */ = {isa = PBXBuildFile; fileRef = A966ED661B737F16002DFED8 /* FBSDKLoginKit.framework */; };
		A966ED6E1B737F16002DFED8 /* FBSDKMessengerShareKit.framework in Frameworks */ = {isa = PBXBuildFile; fileRef = A966ED671B737F16002DFED8 /* FBSDKMessengerShareKit.framework */; };
		A966ED6F1B737F16002DFED8 /* FBSDKShareKit.framework in Frameworks */ = {isa = PBXBuildFile; fileRef = A966ED681B737F16002DFED8 /* FBSDKShareKit.framework */; };
		A966ED711B73830B002DFED8 /* ParseFacebookUtilsV4.framework in Frameworks */ = {isa = PBXBuildFile; fileRef = A966ED701B73830B002DFED8 /* ParseFacebookUtilsV4.framework */; };
		A966ED731B7384B9002DFED8 /* LogInViewController.swift in Sources */ = {isa = PBXBuildFile; fileRef = A966ED721B7384B9002DFED8 /* LogInViewController.swift */; };
		A966ED771B73871D002DFED8 /* SignUpViewController.swift in Sources */ = {isa = PBXBuildFile; fileRef = A966ED761B73871D002DFED8 /* SignUpViewController.swift */; };
		A966ED791B73891B002DFED8 /* AppViewController.swift in Sources */ = {isa = PBXBuildFile; fileRef = A966ED781B73891B002DFED8 /* AppViewController.swift */; };
		A966ED7D1B738AE7002DFED8 /* Social.framework in Frameworks */ = {isa = PBXBuildFile; fileRef = A966ED7C1B738AE7002DFED8 /* Social.framework */; };
		A966ED7F1B738AEF002DFED8 /* Accounts.framework in Frameworks */ = {isa = PBXBuildFile; fileRef = A966ED7E1B738AEF002DFED8 /* Accounts.framework */; };
		A966ED851B73A0FE002DFED8 /* Constants.swift in Sources */ = {isa = PBXBuildFile; fileRef = A966ED841B73A0FE002DFED8 /* Constants.swift */; };
		A966ED881B73A15E002DFED8 /* view.xib in Resources */ = {isa = PBXBuildFile; fileRef = A966ED871B73A15E002DFED8 /* view.xib */; };
		A966ED8B1B73A23A002DFED8 /* UIButton+border.swift in Sources */ = {isa = PBXBuildFile; fileRef = A966ED8A1B73A23A002DFED8 /* UIButton+border.swift */; };
		A966ED8D1B73A316002DFED8 /* UITextField+border.swift in Sources */ = {isa = PBXBuildFile; fileRef = A966ED8C1B73A316002DFED8 /* UITextField+border.swift */; };
		A966ED9B1B73A7E8002DFED8 /* LICENSE.txt in Resources */ = {isa = PBXBuildFile; fileRef = A966ED901B73A7E8002DFED8 /* LICENSE.txt */; };
		A966ED9C1B73A7E8002DFED8 /* OpenSans-Bold.ttf in Resources */ = {isa = PBXBuildFile; fileRef = A966ED911B73A7E8002DFED8 /* OpenSans-Bold.ttf */; };
		A966ED9D1B73A7E8002DFED8 /* OpenSans-BoldItalic.ttf in Resources */ = {isa = PBXBuildFile; fileRef = A966ED921B73A7E8002DFED8 /* OpenSans-BoldItalic.ttf */; };
		A966ED9E1B73A7E8002DFED8 /* OpenSans-ExtraBold.ttf in Resources */ = {isa = PBXBuildFile; fileRef = A966ED931B73A7E8002DFED8 /* OpenSans-ExtraBold.ttf */; };
		A966ED9F1B73A7E8002DFED8 /* OpenSans-ExtraBoldItalic.ttf in Resources */ = {isa = PBXBuildFile; fileRef = A966ED941B73A7E8002DFED8 /* OpenSans-ExtraBoldItalic.ttf */; };
		A966EDA01B73A7E8002DFED8 /* OpenSans-Italic.ttf in Resources */ = {isa = PBXBuildFile; fileRef = A966ED951B73A7E8002DFED8 /* OpenSans-Italic.ttf */; };
		A966EDA11B73A7E8002DFED8 /* OpenSans-Light.ttf in Resources */ = {isa = PBXBuildFile; fileRef = A966ED961B73A7E8002DFED8 /* OpenSans-Light.ttf */; };
		A966EDA21B73A7E8002DFED8 /* OpenSans-LightItalic.ttf in Resources */ = {isa = PBXBuildFile; fileRef = A966ED971B73A7E8002DFED8 /* OpenSans-LightItalic.ttf */; };
		A966EDA31B73A7E8002DFED8 /* OpenSans-Regular.ttf in Resources */ = {isa = PBXBuildFile; fileRef = A966ED981B73A7E8002DFED8 /* OpenSans-Regular.ttf */; };
		A966EDA41B73A7E8002DFED8 /* OpenSans-Semibold.ttf in Resources */ = {isa = PBXBuildFile; fileRef = A966ED991B73A7E8002DFED8 /* OpenSans-Semibold.ttf */; };
		A966EDA51B73A7E8002DFED8 /* OpenSans-SemiboldItalic.ttf in Resources */ = {isa = PBXBuildFile; fileRef = A966ED9A1B73A7E8002DFED8 /* OpenSans-SemiboldItalic.ttf */; };
		A966EDAB1B73D3BF002DFED8 /* UITextField+placeholder.swift in Sources */ = {isa = PBXBuildFile; fileRef = A966EDAA1B73D3BF002DFED8 /* UITextField+placeholder.swift */; };
		A966EDAD1B73D5C9002DFED8 /* UIViewController+keyboard.swift in Sources */ = {isa = PBXBuildFile; fileRef = A966EDAC1B73D5C9002DFED8 /* UIViewController+keyboard.swift */; };
		A966EDB01B7402BF002DFED8 /* ProfileViewController.swift in Sources */ = {isa = PBXBuildFile; fileRef = A966EDAF1B7402BF002DFED8 /* ProfileViewController.swift */; };
		A99AE6101B7666DE00085138 /* AsyncMessagesViewController.xcassets in Resources */ = {isa = PBXBuildFile; fileRef = A99AE5FF1B7666DE00085138 /* AsyncMessagesViewController.xcassets */; };
		A99AE6111B7666DE00085138 /* AsyncMessagesCollectionViewDataSource.swift in Sources */ = {isa = PBXBuildFile; fileRef = A99AE6011B7666DE00085138 /* AsyncMessagesCollectionViewDataSource.swift */; };
		A99AE6121B7666DE00085138 /* AsyncMessagesViewController.swift in Sources */ = {isa = PBXBuildFile; fileRef = A99AE6021B7666DE00085138 /* AsyncMessagesViewController.swift */; };
		A99AE6131B7666DE00085138 /* DefaultAsyncMessagesCollectionViewDataSource.swift in Sources */ = {isa = PBXBuildFile; fileRef = A99AE6031B7666DE00085138 /* DefaultAsyncMessagesCollectionViewDataSource.swift */; };
		A99AE6141B7666DE00085138 /* MessageBubbleImageProvider.swift in Sources */ = {isa = PBXBuildFile; fileRef = A99AE6041B7666DE00085138 /* MessageBubbleImageProvider.swift */; };
		A99AE6151B7666DE00085138 /* MessageCellNodeMetadataFactory.swift in Sources */ = {isa = PBXBuildFile; fileRef = A99AE6051B7666DE00085138 /* MessageCellNodeMetadataFactory.swift */; };
		A99AE6161B7666DE00085138 /* MessageTimestampFormatter.swift in Sources */ = {isa = PBXBuildFile; fileRef = A99AE6061B7666DE00085138 /* MessageTimestampFormatter.swift */; };
		A99AE6171B7666DE00085138 /* MessageData.swift in Sources */ = {isa = PBXBuildFile; fileRef = A99AE6081B7666DE00085138 /* MessageData.swift */; };
		A99AE6181B7666DE00085138 /* MessageBubbleNodeFactory.swift in Sources */ = {isa = PBXBuildFile; fileRef = A99AE60A1B7666DE00085138 /* MessageBubbleNodeFactory.swift */; };
		A99AE6191B7666DE00085138 /* MessageCellNode.swift in Sources */ = {isa = PBXBuildFile; fileRef = A99AE60B1B7666DE00085138 /* MessageCellNode.swift */; };
		A99AE61A1B7666DE00085138 /* MessageContentNode.swift in Sources */ = {isa = PBXBuildFile; fileRef = A99AE60C1B7666DE00085138 /* MessageContentNode.swift */; };
		A99AE61B1B7666DE00085138 /* MessageNetworkImageBubbleNode.swift in Sources */ = {isa = PBXBuildFile; fileRef = A99AE60D1B7666DE00085138 /* MessageNetworkImageBubbleNode.swift */; };
		A99AE61C1B7666DE00085138 /* MessageTextBubbleNode.swift in Sources */ = {isa = PBXBuildFile; fileRef = A99AE60E1B7666DE00085138 /* MessageTextBubbleNode.swift */; };
		A99AE61D1B7666DE00085138 /* UIImageExtensions.swift in Sources */ = {isa = PBXBuildFile; fileRef = A99AE60F1B7666DE00085138 /* UIImageExtensions.swift */; };
		A99AE6211B7666F800085138 /* Message.swift in Sources */ = {isa = PBXBuildFile; fileRef = A99AE61F1B7666F800085138 /* Message.swift */; };
		A99AE6221B7666F800085138 /* User.swift in Sources */ = {isa = PBXBuildFile; fileRef = A99AE6201B7666F800085138 /* User.swift */; };
		A99AE6241B7686A700085138 /* BaseMessageCollectionView.swift in Sources */ = {isa = PBXBuildFile; fileRef = A99AE6231B7686A700085138 /* BaseMessageCollectionView.swift */; };
		A99AE6261B76950E00085138 /* SideMenuVIewController.swift in Sources */ = {isa = PBXBuildFile; fileRef = A99AE6251B76950E00085138 /* SideMenuVIewController.swift */; };
		A99AE6281B76952700085138 /* SideMenuVIewController.xib in Resources */ = {isa = PBXBuildFile; fileRef = A99AE6271B76952700085138 /* SideMenuVIewController.xib */; };
		A99AE62A1B76988A00085138 /* SideMenuCellView.xib in Resources */ = {isa = PBXBuildFile; fileRef = A99AE6291B76988A00085138 /* SideMenuCellView.xib */; };
		A99AE62C1B76A72C00085138 /* BaseSideMenuViewController.swift in Sources */ = {isa = PBXBuildFile; fileRef = A99AE62B1B76A72C00085138 /* BaseSideMenuViewController.swift */; };
		A99AE62E1B77466100085138 /* NotificationsViewController.swift in Sources */ = {isa = PBXBuildFile; fileRef = A99AE62D1B77466100085138 /* NotificationsViewController.swift */; };
		A99AE6301B77475B00085138 /* NotificationsViewController.xib in Resources */ = {isa = PBXBuildFile; fileRef = A99AE62F1B77475B00085138 /* NotificationsViewController.xib */; };
		A99AE6321B7747E800085138 /* NotificationViewCell.swift in Sources */ = {isa = PBXBuildFile; fileRef = A99AE6311B7747E800085138 /* NotificationViewCell.swift */; };
		A99AE6341B77481B00085138 /* NotificationViewCell.xib in Resources */ = {isa = PBXBuildFile; fileRef = A99AE6331B77481B00085138 /* NotificationViewCell.xib */; };
		A99AE6361B774BF600085138 /* UIButtonCircle.swift in Sources */ = {isa = PBXBuildFile; fileRef = A99AE6351B774BF600085138 /* UIButtonCircle.swift */; };
		A99AE6381B774C2800085138 /* UIButtonRoundedBorder.swift in Sources */ = {isa = PBXBuildFile; fileRef = A99AE6371B774C2800085138 /* UIButtonRoundedBorder.swift */; };
		A99AE63A1B775DC400085138 /* SeperatorView.swift in Sources */ = {isa = PBXBuildFile; fileRef = A99AE6391B775DC400085138 /* SeperatorView.swift */; };
		A9B7D45A1B752C5D00E79F12 /* UIImageView+corderEdge.swift in Sources */ = {isa = PBXBuildFile; fileRef = A9B7D4591B752C5D00E79F12 /* UIImageView+corderEdge.swift */; };
		A9B7D45C1B752E1700E79F12 /* LabelViewWithIcon.swift in Sources */ = {isa = PBXBuildFile; fileRef = A9B7D45B1B752E1700E79F12 /* LabelViewWithIcon.swift */; };
		A9B7D45E1B752ED400E79F12 /* UIImage+tintColor.swift in Sources */ = {isa = PBXBuildFile; fileRef = A9B7D45D1B752ED400E79F12 /* UIImage+tintColor.swift */; };
		A9B7D4601B75424B00E79F12 /* UImageVIewCircle.swift in Sources */ = {isa = PBXBuildFile; fileRef = A9B7D45F1B75424B00E79F12 /* UImageVIewCircle.swift */; };
		A9B7D4741B76628300E79F12 /* CommentsViewController.swift in Sources */ = {isa = PBXBuildFile; fileRef = A9B7D4731B76628300E79F12 /* CommentsViewController.swift */; };
		A9D385D01B77601800DD8492 /* OFL.txt in Resources */ = {isa = PBXBuildFile; fileRef = A9D385CB1B77601800DD8492 /* OFL.txt */; };
		A9D385D11B77601800DD8492 /* PT_Serif-Web-Bold.ttf in Resources */ = {isa = PBXBuildFile; fileRef = A9D385CC1B77601800DD8492 /* PT_Serif-Web-Bold.ttf */; };
		A9D385D21B77601800DD8492 /* PT_Serif-Web-BoldItalic.ttf in Resources */ = {isa = PBXBuildFile; fileRef = A9D385CD1B77601800DD8492 /* PT_Serif-Web-BoldItalic.ttf */; };
		A9D385D31B77601800DD8492 /* PT_Serif-Web-Italic.ttf in Resources */ = {isa = PBXBuildFile; fileRef = A9D385CE1B77601800DD8492 /* PT_Serif-Web-Italic.ttf */; };
		A9D385D41B77601800DD8492 /* PT_Serif-Web-Regular.ttf in Resources */ = {isa = PBXBuildFile; fileRef = A9D385CF1B77601800DD8492 /* PT_Serif-Web-Regular.ttf */; };
		A9D385D61B77665800DD8492 /* SettingsViewController.swift in Sources */ = {isa = PBXBuildFile; fileRef = A9D385D51B77665800DD8492 /* SettingsViewController.swift */; };
		A9D385D81B777DBA00DD8492 /* NotificationFilterView.xib in Resources */ = {isa = PBXBuildFile; fileRef = A9D385D71B777DBA00DD8492 /* NotificationFilterView.xib */; };
		A9D385DA1B777DD300DD8492 /* NotificationFilterView.swift in Sources */ = {isa = PBXBuildFile; fileRef = A9D385D91B777DD300DD8492 /* NotificationFilterView.swift */; };
		A9D385DC1B7780E000DD8492 /* NotificationsFilterViewCell.xib in Resources */ = {isa = PBXBuildFile; fileRef = A9D385DB1B7780E000DD8492 /* NotificationsFilterViewCell.xib */; };
		A9D385DE1B778EF600DD8492 /* BookmarksViewController.swift in Sources */ = {isa = PBXBuildFile; fileRef = A9D385DD1B778EF600DD8492 /* BookmarksViewController.swift */; };
		A9D385E01B77A52000DD8492 /* DraftsViewController.swift in Sources */ = {isa = PBXBuildFile; fileRef = A9D385DF1B77A52000DD8492 /* DraftsViewController.swift */; };
		A9D385E21B77E13300DD8492 /* DraftsViewController.xib in Resources */ = {isa = PBXBuildFile; fileRef = A9D385E11B77E13300DD8492 /* DraftsViewController.xib */; };
		A9D385E41B77EF4E00DD8492 /* BookmarkMainPostView.xib in Resources */ = {isa = PBXBuildFile; fileRef = A9D385E31B77EF4E00DD8492 /* BookmarkMainPostView.xib */; };
		A9D385E61B77EF5800DD8492 /* BookmarkMainPostView.swift in Sources */ = {isa = PBXBuildFile; fileRef = A9D385E51B77EF5800DD8492 /* BookmarkMainPostView.swift */; };
		A9D385E81B77F23C00DD8492 /* BookmarksViewCell.xib in Resources */ = {isa = PBXBuildFile; fileRef = A9D385E71B77F23C00DD8492 /* BookmarksViewCell.xib */; };
		A9D385EA1B77F33C00DD8492 /* UIImage+Itunes11.swift in Sources */ = {isa = PBXBuildFile; fileRef = A9D385E91B77F33C00DD8492 /* UIImage+Itunes11.swift */; };
		A9D385EC1B77F4CC00DD8492 /* BaseQueryCollectionViewController.swift in Sources */ = {isa = PBXBuildFile; fileRef = A9D385EB1B77F4CC00DD8492 /* BaseQueryCollectionViewController.swift */; };
		A9D385EE1B77F5DB00DD8492 /* BookmarksViewCell.swift in Sources */ = {isa = PBXBuildFile; fileRef = A9D385ED1B77F5DB00DD8492 /* BookmarksViewCell.swift */; };
		A9D385F01B77F91C00DD8492 /* DraftsViewCell.swift in Sources */ = {isa = PBXBuildFile; fileRef = A9D385EF1B77F91C00DD8492 /* DraftsViewCell.swift */; };
		A9D385F21B77F9A300DD8492 /* DraftsViewCell.xib in Resources */ = {isa = PBXBuildFile; fileRef = A9D385F11B77F9A300DD8492 /* DraftsViewCell.xib */; };
		A9D385F41B77FA4900DD8492 /* BookmarksViewController.xib in Resources */ = {isa = PBXBuildFile; fileRef = A9D385F31B77FA4900DD8492 /* BookmarksViewController.xib */; };
		A9D385F61B7807E800DD8492 /* NewPostViewController.swift in Sources */ = {isa = PBXBuildFile; fileRef = A9D385F51B7807E800DD8492 /* NewPostViewController.swift */; };
		A9D385F81B7807FE00DD8492 /* PostViewController.swift in Sources */ = {isa = PBXBuildFile; fileRef = A9D385F71B7807FE00DD8492 /* PostViewController.swift */; };
		A9D385FA1B78080E00DD8492 /* SettingsPostViewController.swift in Sources */ = {isa = PBXBuildFile; fileRef = A9D385F91B78080E00DD8492 /* SettingsPostViewController.swift */; };
		A9D385FC1B78081D00DD8492 /* NewPostViewController.xib in Resources */ = {isa = PBXBuildFile; fileRef = A9D385FB1B78081D00DD8492 /* NewPostViewController.xib */; };
		A9D385FE1B78082A00DD8492 /* PostViewController.xib in Resources */ = {isa = PBXBuildFile; fileRef = A9D385FD1B78082A00DD8492 /* PostViewController.xib */; };
		A9D386001B780A9A00DD8492 /* FollowersViewController.swift in Sources */ = {isa = PBXBuildFile; fileRef = A9D385FF1B780A9A00DD8492 /* FollowersViewController.swift */; };
		A9D386021B786A9000DD8492 /* BaseFormViewController.swift in Sources */ = {isa = PBXBuildFile; fileRef = A9D386011B786A9000DD8492 /* BaseFormViewController.swift */; };
		A9D386041B78F36100DD8492 /* ProfileEditViewController.swift in Sources */ = {isa = PBXBuildFile; fileRef = A9D386031B78F36100DD8492 /* ProfileEditViewController.swift */; };
		A9D386061B79242D00DD8492 /* ProfileEditViewController.xib in Resources */ = {isa = PBXBuildFile; fileRef = A9D386051B79242D00DD8492 /* ProfileEditViewController.xib */; };
		A9D386081B79245200DD8492 /* SettingsPostViewController.xib in Resources */ = {isa = PBXBuildFile; fileRef = A9D386071B79245200DD8492 /* SettingsPostViewController.xib */; };
		A9D3860A1B79253A00DD8492 /* EMPartialModalViewController.swift in Sources */ = {isa = PBXBuildFile; fileRef = A9D386091B79253A00DD8492 /* EMPartialModalViewController.swift */; };
		A9D3860C1B792B6900DD8492 /* ProfileEditHeaderView.swift in Sources */ = {isa = PBXBuildFile; fileRef = A9D3860B1B792B6900DD8492 /* ProfileEditHeaderView.swift */; };
		A9D3860E1B792B9800DD8492 /* ProfileEditHeaderView.xib in Resources */ = {isa = PBXBuildFile; fileRef = A9D3860D1B792B9800DD8492 /* ProfileEditHeaderView.xib */; };
		A9D386101B79C01E00DD8492 /* test.storyboard in Resources */ = {isa = PBXBuildFile; fileRef = A9D3860F1B79C01E00DD8492 /* test.storyboard */; };
		A9D386121B7A722200DD8492 /* MessagesViewController.swift in Sources */ = {isa = PBXBuildFile; fileRef = A9D386111B7A722200DD8492 /* MessagesViewController.swift */; };
		A9D386141B7A729300DD8492 /* MessagesViewController.xib in Resources */ = {isa = PBXBuildFile; fileRef = A9D386131B7A729300DD8492 /* MessagesViewController.xib */; };
		A9D386161B7A736500DD8492 /* MessageViewCell.xib in Resources */ = {isa = PBXBuildFile; fileRef = A9D386151B7A736500DD8492 /* MessageViewCell.xib */; };
		A9D386181B7A737B00DD8492 /* MessageViewCell.swift in Sources */ = {isa = PBXBuildFile; fileRef = A9D386171B7A737B00DD8492 /* MessageViewCell.swift */; };
		A9D386271B7A83E000DD8492 /* SBGestureTableView.swift in Sources */ = {isa = PBXBuildFile; fileRef = A9D386231B7A83E000DD8492 /* SBGestureTableView.swift */; };
		A9D386281B7A83E000DD8492 /* SBGestureTableViewCell.swift in Sources */ = {isa = PBXBuildFile; fileRef = A9D386241B7A83E000DD8492 /* SBGestureTableViewCell.swift */; };
		A9D386291B7A83E000DD8492 /* SBGestureTableViewCellAction.swift in Sources */ = {isa = PBXBuildFile; fileRef = A9D386251B7A83E000DD8492 /* SBGestureTableViewCellAction.swift */; };
		A9D3862A1B7A83E000DD8492 /* SBGestureTableViewCellSideView.swift in Sources */ = {isa = PBXBuildFile; fileRef = A9D386261B7A83E000DD8492 /* SBGestureTableViewCellSideView.swift */; };
		A9D3862C1B7A84B600DD8492 /* BaseGestureQueryTableViewController.swift in Sources */ = {isa = PBXBuildFile; fileRef = A9D3862B1B7A84B600DD8492 /* BaseGestureQueryTableViewController.swift */; };
		A9D3863E1B7A897400DD8492 /* FAKFontAwesome.m in Sources */ = {isa = PBXBuildFile; fileRef = A9D3862F1B7A897400DD8492 /* FAKFontAwesome.m */; };
		A9D3863F1B7A897400DD8492 /* FAKFoundationIcons.m in Sources */ = {isa = PBXBuildFile; fileRef = A9D386311B7A897400DD8492 /* FAKFoundationIcons.m */; };
		A9D386401B7A897400DD8492 /* FAKIcon.m in Sources */ = {isa = PBXBuildFile; fileRef = A9D386331B7A897400DD8492 /* FAKIcon.m */; };
		A9D386411B7A897400DD8492 /* FAKIonIcons.m in Sources */ = {isa = PBXBuildFile; fileRef = A9D386351B7A897400DD8492 /* FAKIonIcons.m */; };
		A9D386421B7A897400DD8492 /* FAKZocial.m in Sources */ = {isa = PBXBuildFile; fileRef = A9D386371B7A897400DD8492 /* FAKZocial.m */; };
		A9D386431B7A897400DD8492 /* FontAwesome.otf in Resources */ = {isa = PBXBuildFile; fileRef = A9D386381B7A897400DD8492 /* FontAwesome.otf */; };
		A9D386441B7A897400DD8492 /* foundation-icons.ttf in Resources */ = {isa = PBXBuildFile; fileRef = A9D3863A1B7A897400DD8492 /* foundation-icons.ttf */; };
		A9D386451B7A897400DD8492 /* ionicons.ttf in Resources */ = {isa = PBXBuildFile; fileRef = A9D3863B1B7A897400DD8492 /* ionicons.ttf */; };
		A9D386461B7A897400DD8492 /* LICENSE in Resources */ = {isa = PBXBuildFile; fileRef = A9D3863C1B7A897400DD8492 /* LICENSE */; };
		A9D386471B7A897400DD8492 /* zocial-regular-webfont.ttf in Resources */ = {isa = PBXBuildFile; fileRef = A9D3863D1B7A897400DD8492 /* zocial-regular-webfont.ttf */; };
		A9D6EC571B7405A7002546A3 /* StatefulViewController.swift in Sources */ = {isa = PBXBuildFile; fileRef = A9D6EC551B7405A7002546A3 /* StatefulViewController.swift */; };
		A9D6EC581B7405A7002546A3 /* ViewStateMachine.swift in Sources */ = {isa = PBXBuildFile; fileRef = A9D6EC561B7405A7002546A3 /* ViewStateMachine.swift */; };
		A9D6EC5A1B746BC7002546A3 /* AVFoundation.framework in Frameworks */ = {isa = PBXBuildFile; fileRef = A9D6EC591B746BC6002546A3 /* AVFoundation.framework */; };
		A9D6EC5C1B747472002546A3 /* CoreMedia.framework in Frameworks */ = {isa = PBXBuildFile; fileRef = A9D6EC5B1B747472002546A3 /* CoreMedia.framework */; };
		A9D6EC5E1B747486002546A3 /* CoreMotion.framework in Frameworks */ = {isa = PBXBuildFile; fileRef = A9D6EC5D1B747486002546A3 /* CoreMotion.framework */; };
		A9D6EC601B7474A6002546A3 /* AdSupport.framework in Frameworks */ = {isa = PBXBuildFile; fileRef = A9D6EC5F1B7474A5002546A3 /* AdSupport.framework */; };
		A9D6EC641B74D76F002546A3 /* BaseQueryViewController.swift in Sources */ = {isa = PBXBuildFile; fileRef = A9D6EC631B74D76F002546A3 /* BaseQueryViewController.swift */; };
		A9D6EC661B74D7D9002546A3 /* BaseQueryTableViewContoller.swift in Sources */ = {isa = PBXBuildFile; fileRef = A9D6EC651B74D7D9002546A3 /* BaseQueryTableViewContoller.swift */; };
		A9D6EC6D1B74D957002546A3 /* BasicPlaceholderView.swift in Sources */ = {isa = PBXBuildFile; fileRef = A9D6EC681B74D957002546A3 /* BasicPlaceholderView.swift */; };
		A9D6EC6E1B74D957002546A3 /* EmptyView.swift in Sources */ = {isa = PBXBuildFile; fileRef = A9D6EC691B74D957002546A3 /* EmptyView.swift */; };
		A9D6EC6F1B74D957002546A3 /* ErrorView.swift in Sources */ = {isa = PBXBuildFile; fileRef = A9D6EC6A1B74D957002546A3 /* ErrorView.swift */; };
		A9D6EC701B74D957002546A3 /* LoadingView.swift in Sources */ = {isa = PBXBuildFile; fileRef = A9D6EC6B1B74D957002546A3 /* LoadingView.swift */; };
		A9D6EC711B74D957002546A3 /* LoadingViewProfile.swift in Sources */ = {isa = PBXBuildFile; fileRef = A9D6EC6C1B74D957002546A3 /* LoadingViewProfile.swift */; };
		A9D6EC791B74DCA6002546A3 /* String+localized.swift in Sources */ = {isa = PBXBuildFile; fileRef = A9D6EC781B74DCA6002546A3 /* String+localized.swift */; };
		A9D6EC7B1B74E66E002546A3 /* FeedViewController.swift in Sources */ = {isa = PBXBuildFile; fileRef = A9D6EC7A1B74E66E002546A3 /* FeedViewController.swift */; };
		A9D6EC961B7515B5002546A3 /* AppViewController.xib in Resources */ = {isa = PBXBuildFile; fileRef = A9D6EC901B7515B5002546A3 /* AppViewController.xib */; };
		A9D6EC971B7515B5002546A3 /* FeedViewController.xib in Resources */ = {isa = PBXBuildFile; fileRef = A9D6EC911B7515B5002546A3 /* FeedViewController.xib */; };
		A9D6EC981B7515B5002546A3 /* LogInViewController.xib in Resources */ = {isa = PBXBuildFile; fileRef = A9D6EC921B7515B5002546A3 /* LogInViewController.xib */; };
		A9D6EC991B7515B5002546A3 /* ProfilePostViewCell.xib in Resources */ = {isa = PBXBuildFile; fileRef = A9D6EC931B7515B5002546A3 /* ProfilePostViewCell.xib */; };
		A9D6EC9A1B7515B5002546A3 /* ProfileViewController.xib in Resources */ = {isa = PBXBuildFile; fileRef = A9D6EC941B7515B5002546A3 /* ProfileViewController.xib */; };
		A9D6EC9B1B7515B5002546A3 /* SignUpViewController.xib in Resources */ = {isa = PBXBuildFile; fileRef = A9D6EC951B7515B5002546A3 /* SignUpViewController.xib */; };
		A9D6EC9E1B7515F6002546A3 /* ProfileHeaderView.swift in Sources */ = {isa = PBXBuildFile; fileRef = A9D6EC9D1B7515F6002546A3 /* ProfileHeaderView.swift */; };
		A9D6ECA01B751655002546A3 /* ProfileHeaderView.xib in Resources */ = {isa = PBXBuildFile; fileRef = A9D6EC9F1B751655002546A3 /* ProfileHeaderView.xib */; };
		A9D6ECA21B7516A2002546A3 /* ProfilePostViewCell.swift in Sources */ = {isa = PBXBuildFile; fileRef = A9D6ECA11B7516A2002546A3 /* ProfilePostViewCell.swift */; };
		A9D6ECA41B751B02002546A3 /* FeedPostViewCell.swift in Sources */ = {isa = PBXBuildFile; fileRef = A9D6ECA31B751B02002546A3 /* FeedPostViewCell.swift */; };
		A9D6ECA61B751B0D002546A3 /* FeedPostViewCell.xib in Resources */ = {isa = PBXBuildFile; fileRef = A9D6ECA51B751B0D002546A3 /* FeedPostViewCell.xib */; };
/* End PBXBuildFile section */

/* Begin PBXFileReference section */
		49E21E2DED1F01F3A4E46DA0 /* Pods-Think.debug.xcconfig */ = {isa = PBXFileReference; includeInIndex = 1; lastKnownFileType = text.xcconfig; name = "Pods-Think.debug.xcconfig"; path = "Pods/Target Support Files/Pods-Think/Pods-Think.debug.xcconfig"; sourceTree = "<group>"; };
		7D57E0D4D066DF7D206077EC /* Pods-Think.release.xcconfig */ = {isa = PBXFileReference; includeInIndex = 1; lastKnownFileType = text.xcconfig; name = "Pods-Think.release.xcconfig"; path = "Pods/Target Support Files/Pods-Think/Pods-Think.release.xcconfig"; sourceTree = "<group>"; };
		81BA81451A49DA1800E65899 /* Think.app */ = {isa = PBXFileReference; explicitFileType = wrapper.application; includeInIndex = 0; path = Think.app; sourceTree = BUILT_PRODUCTS_DIR; };
		81BA81491A49DA1800E65899 /* Info.plist */ = {isa = PBXFileReference; lastKnownFileType = text.plist.xml; path = Info.plist; sourceTree = "<group>"; };
		81BA814A1A49DA1800E65899 /* AppDelegate.swift */ = {isa = PBXFileReference; lastKnownFileType = sourcecode.swift; name = AppDelegate.swift; path = ../AppDelegate.swift; sourceTree = "<group>"; };
		81BA814C1A49DA1800E65899 /* ViewController.swift */ = {isa = PBXFileReference; lastKnownFileType = sourcecode.swift; name = ViewController.swift; path = ../ViewController.swift; sourceTree = "<group>"; };
		81BA814F1A49DA1800E65899 /* Base */ = {isa = PBXFileReference; lastKnownFileType = file.storyboard; name = Base; path = Base.lproj/Main.storyboard; sourceTree = "<group>"; };
		81BA81511A49DA1800E65899 /* Images.xcassets */ = {isa = PBXFileReference; lastKnownFileType = folder.assetcatalog; path = Images.xcassets; sourceTree = "<group>"; };
		81BA816B1A49DB6800E65899 /* Bolts.framework */ = {isa = PBXFileReference; lastKnownFileType = wrapper.framework; path = Bolts.framework; sourceTree = "<group>"; };
		81BA816C1A49DB6800E65899 /* Parse.framework */ = {isa = PBXFileReference; lastKnownFileType = wrapper.framework; path = Parse.framework; sourceTree = "<group>"; };
		81BA816D1A49DB6800E65899 /* ParseCrashReporting.framework */ = {isa = PBXFileReference; lastKnownFileType = wrapper.framework; path = ParseCrashReporting.framework; sourceTree = "<group>"; };
		81BA816E1A49DB6800E65899 /* ParseFacebookUtils.framework */ = {isa = PBXFileReference; lastKnownFileType = wrapper.framework; path = ParseFacebookUtils.framework; sourceTree = "<group>"; };
		81BA81761A49E0D500E65899 /* libsqlite3.dylib */ = {isa = PBXFileReference; lastKnownFileType = "compiled.mach-o.dylib"; name = libsqlite3.dylib; path = usr/lib/libsqlite3.dylib; sourceTree = SDKROOT; };
		81BA81781A49E0DB00E65899 /* AudioToolbox.framework */ = {isa = PBXFileReference; lastKnownFileType = wrapper.framework; name = AudioToolbox.framework; path = System/Library/Frameworks/AudioToolbox.framework; sourceTree = SDKROOT; };
		81BA817A1A49E0E500E65899 /* SystemConfiguration.framework */ = {isa = PBXFileReference; lastKnownFileType = wrapper.framework; name = SystemConfiguration.framework; path = System/Library/Frameworks/SystemConfiguration.framework; sourceTree = SDKROOT; };
		81BA817E1A49E0F000E65899 /* libstdc++.6.dylib */ = {isa = PBXFileReference; lastKnownFileType = "compiled.mach-o.dylib"; name = "libstdc++.6.dylib"; path = "usr/lib/libstdc++.6.dylib"; sourceTree = SDKROOT; };
		81BA81801A49E10C00E65899 /* ParseUI.framework */ = {isa = PBXFileReference; lastKnownFileType = wrapper.framework; path = ParseUI.framework; sourceTree = "<group>"; };
		81BA81821A49E27F00E65899 /* ParseStarterProject-Bridging-Header.h */ = {isa = PBXFileReference; fileEncoding = 4; lastKnownFileType = sourcecode.c.h; path = "ParseStarterProject-Bridging-Header.h"; sourceTree = "<group>"; };
		A92403581B7403F200C82A4B /* ru */ = {isa = PBXFileReference; lastKnownFileType = text.plist.strings; name = ru; path = ru.lproj/Main.strings; sourceTree = "<group>"; };
		A966ED571B737CB5002DFED8 /* Authentication.storyboard */ = {isa = PBXFileReference; fileEncoding = 4; lastKnownFileType = file.storyboard; path = Authentication.storyboard; sourceTree = "<group>"; };
		A966ED5E1B737D10002DFED8 /* BaseViewController.swift */ = {isa = PBXFileReference; fileEncoding = 4; lastKnownFileType = sourcecode.swift; path = BaseViewController.swift; sourceTree = "<group>"; };
		A966ED601B737D31002DFED8 /* BaseNavigationController.swift */ = {isa = PBXFileReference; fileEncoding = 4; lastKnownFileType = sourcecode.swift; path = BaseNavigationController.swift; sourceTree = "<group>"; };
		A966ED621B737F16002DFED8 /* Bolts.framework */ = {isa = PBXFileReference; lastKnownFileType = wrapper.framework; name = Bolts.framework; path = ../../../../Documents/FacebookSDK/Bolts.framework; sourceTree = "<group>"; };
		A966ED631B737F16002DFED8 /* FacebookSDKStrings.bundle */ = {isa = PBXFileReference; lastKnownFileType = "wrapper.plug-in"; name = FacebookSDKStrings.bundle; path = ../../../../Documents/FacebookSDK/FacebookSDKStrings.bundle; sourceTree = "<group>"; };
		A966ED641B737F16002DFED8 /* FBAudienceNetwork.framework */ = {isa = PBXFileReference; lastKnownFileType = wrapper.framework; name = FBAudienceNetwork.framework; path = ../../../../Documents/FacebookSDK/FBAudienceNetwork.framework; sourceTree = "<group>"; };
		A966ED651B737F16002DFED8 /* FBSDKCoreKit.framework */ = {isa = PBXFileReference; lastKnownFileType = wrapper.framework; name = FBSDKCoreKit.framework; path = ../../../../Documents/FacebookSDK/FBSDKCoreKit.framework; sourceTree = "<group>"; };
		A966ED661B737F16002DFED8 /* FBSDKLoginKit.framework */ = {isa = PBXFileReference; lastKnownFileType = wrapper.framework; name = FBSDKLoginKit.framework; path = ../../../../Documents/FacebookSDK/FBSDKLoginKit.framework; sourceTree = "<group>"; };
		A966ED671B737F16002DFED8 /* FBSDKMessengerShareKit.framework */ = {isa = PBXFileReference; lastKnownFileType = wrapper.framework; name = FBSDKMessengerShareKit.framework; path = ../../../../Documents/FacebookSDK/FBSDKMessengerShareKit.framework; sourceTree = "<group>"; };
		A966ED681B737F16002DFED8 /* FBSDKShareKit.framework */ = {isa = PBXFileReference; lastKnownFileType = wrapper.framework; name = FBSDKShareKit.framework; path = ../../../../Documents/FacebookSDK/FBSDKShareKit.framework; sourceTree = "<group>"; };
		A966ED701B73830B002DFED8 /* ParseFacebookUtilsV4.framework */ = {isa = PBXFileReference; lastKnownFileType = wrapper.framework; path = ParseFacebookUtilsV4.framework; sourceTree = "<group>"; };
		A966ED721B7384B9002DFED8 /* LogInViewController.swift */ = {isa = PBXFileReference; fileEncoding = 4; lastKnownFileType = sourcecode.swift; path = LogInViewController.swift; sourceTree = "<group>"; };
		A966ED761B73871D002DFED8 /* SignUpViewController.swift */ = {isa = PBXFileReference; fileEncoding = 4; lastKnownFileType = sourcecode.swift; path = SignUpViewController.swift; sourceTree = "<group>"; };
		A966ED781B73891B002DFED8 /* AppViewController.swift */ = {isa = PBXFileReference; fileEncoding = 4; lastKnownFileType = sourcecode.swift; path = AppViewController.swift; sourceTree = "<group>"; };
		A966ED7C1B738AE7002DFED8 /* Social.framework */ = {isa = PBXFileReference; lastKnownFileType = wrapper.framework; name = Social.framework; path = System/Library/Frameworks/Social.framework; sourceTree = SDKROOT; };
		A966ED7E1B738AEF002DFED8 /* Accounts.framework */ = {isa = PBXFileReference; lastKnownFileType = wrapper.framework; name = Accounts.framework; path = System/Library/Frameworks/Accounts.framework; sourceTree = SDKROOT; };
		A966ED841B73A0FE002DFED8 /* Constants.swift */ = {isa = PBXFileReference; fileEncoding = 4; lastKnownFileType = sourcecode.swift; path = Constants.swift; sourceTree = "<group>"; };
		A966ED871B73A15E002DFED8 /* view.xib */ = {isa = PBXFileReference; fileEncoding = 4; lastKnownFileType = file.xib; path = view.xib; sourceTree = "<group>"; };
		A966ED8A1B73A23A002DFED8 /* UIButton+border.swift */ = {isa = PBXFileReference; fileEncoding = 4; lastKnownFileType = sourcecode.swift; path = "UIButton+border.swift"; sourceTree = "<group>"; };
		A966ED8C1B73A316002DFED8 /* UITextField+border.swift */ = {isa = PBXFileReference; fileEncoding = 4; lastKnownFileType = sourcecode.swift; path = "UITextField+border.swift"; sourceTree = "<group>"; };
		A966ED901B73A7E8002DFED8 /* LICENSE.txt */ = {isa = PBXFileReference; fileEncoding = 4; lastKnownFileType = text; path = LICENSE.txt; sourceTree = "<group>"; };
		A966ED911B73A7E8002DFED8 /* OpenSans-Bold.ttf */ = {isa = PBXFileReference; lastKnownFileType = file; path = "OpenSans-Bold.ttf"; sourceTree = "<group>"; };
		A966ED921B73A7E8002DFED8 /* OpenSans-BoldItalic.ttf */ = {isa = PBXFileReference; lastKnownFileType = file; path = "OpenSans-BoldItalic.ttf"; sourceTree = "<group>"; };
		A966ED931B73A7E8002DFED8 /* OpenSans-ExtraBold.ttf */ = {isa = PBXFileReference; lastKnownFileType = file; path = "OpenSans-ExtraBold.ttf"; sourceTree = "<group>"; };
		A966ED941B73A7E8002DFED8 /* OpenSans-ExtraBoldItalic.ttf */ = {isa = PBXFileReference; lastKnownFileType = file; path = "OpenSans-ExtraBoldItalic.ttf"; sourceTree = "<group>"; };
		A966ED951B73A7E8002DFED8 /* OpenSans-Italic.ttf */ = {isa = PBXFileReference; lastKnownFileType = file; path = "OpenSans-Italic.ttf"; sourceTree = "<group>"; };
		A966ED961B73A7E8002DFED8 /* OpenSans-Light.ttf */ = {isa = PBXFileReference; lastKnownFileType = file; path = "OpenSans-Light.ttf"; sourceTree = "<group>"; };
		A966ED971B73A7E8002DFED8 /* OpenSans-LightItalic.ttf */ = {isa = PBXFileReference; lastKnownFileType = file; path = "OpenSans-LightItalic.ttf"; sourceTree = "<group>"; };
		A966ED981B73A7E8002DFED8 /* OpenSans-Regular.ttf */ = {isa = PBXFileReference; lastKnownFileType = file; path = "OpenSans-Regular.ttf"; sourceTree = "<group>"; };
		A966ED991B73A7E8002DFED8 /* OpenSans-Semibold.ttf */ = {isa = PBXFileReference; lastKnownFileType = file; path = "OpenSans-Semibold.ttf"; sourceTree = "<group>"; };
		A966ED9A1B73A7E8002DFED8 /* OpenSans-SemiboldItalic.ttf */ = {isa = PBXFileReference; lastKnownFileType = file; path = "OpenSans-SemiboldItalic.ttf"; sourceTree = "<group>"; };
		A966EDAA1B73D3BF002DFED8 /* UITextField+placeholder.swift */ = {isa = PBXFileReference; fileEncoding = 4; lastKnownFileType = sourcecode.swift; path = "UITextField+placeholder.swift"; sourceTree = "<group>"; };
		A966EDAC1B73D5C9002DFED8 /* UIViewController+keyboard.swift */ = {isa = PBXFileReference; fileEncoding = 4; lastKnownFileType = sourcecode.swift; path = "UIViewController+keyboard.swift"; sourceTree = "<group>"; };
		A966EDAE1B73D8DA002DFED8 /* Think.entitlements */ = {isa = PBXFileReference; lastKnownFileType = text.xml; path = Think.entitlements; sourceTree = "<group>"; };
		A966EDAF1B7402BF002DFED8 /* ProfileViewController.swift */ = {isa = PBXFileReference; fileEncoding = 4; lastKnownFileType = sourcecode.swift; path = ProfileViewController.swift; sourceTree = "<group>"; };
		A99AE5FF1B7666DE00085138 /* AsyncMessagesViewController.xcassets */ = {isa = PBXFileReference; lastKnownFileType = folder.assetcatalog; path = AsyncMessagesViewController.xcassets; sourceTree = "<group>"; };
		A99AE6011B7666DE00085138 /* AsyncMessagesCollectionViewDataSource.swift */ = {isa = PBXFileReference; fileEncoding = 4; lastKnownFileType = sourcecode.swift; path = AsyncMessagesCollectionViewDataSource.swift; sourceTree = "<group>"; };
		A99AE6021B7666DE00085138 /* AsyncMessagesViewController.swift */ = {isa = PBXFileReference; fileEncoding = 4; lastKnownFileType = sourcecode.swift; path = AsyncMessagesViewController.swift; sourceTree = "<group>"; };
		A99AE6031B7666DE00085138 /* DefaultAsyncMessagesCollectionViewDataSource.swift */ = {isa = PBXFileReference; fileEncoding = 4; lastKnownFileType = sourcecode.swift; path = DefaultAsyncMessagesCollectionViewDataSource.swift; sourceTree = "<group>"; };
		A99AE6041B7666DE00085138 /* MessageBubbleImageProvider.swift */ = {isa = PBXFileReference; fileEncoding = 4; lastKnownFileType = sourcecode.swift; path = MessageBubbleImageProvider.swift; sourceTree = "<group>"; };
		A99AE6051B7666DE00085138 /* MessageCellNodeMetadataFactory.swift */ = {isa = PBXFileReference; fileEncoding = 4; lastKnownFileType = sourcecode.swift; path = MessageCellNodeMetadataFactory.swift; sourceTree = "<group>"; };
		A99AE6061B7666DE00085138 /* MessageTimestampFormatter.swift */ = {isa = PBXFileReference; fileEncoding = 4; lastKnownFileType = sourcecode.swift; path = MessageTimestampFormatter.swift; sourceTree = "<group>"; };
		A99AE6081B7666DE00085138 /* MessageData.swift */ = {isa = PBXFileReference; fileEncoding = 4; lastKnownFileType = sourcecode.swift; path = MessageData.swift; sourceTree = "<group>"; };
		A99AE60A1B7666DE00085138 /* MessageBubbleNodeFactory.swift */ = {isa = PBXFileReference; fileEncoding = 4; lastKnownFileType = sourcecode.swift; path = MessageBubbleNodeFactory.swift; sourceTree = "<group>"; };
		A99AE60B1B7666DE00085138 /* MessageCellNode.swift */ = {isa = PBXFileReference; fileEncoding = 4; lastKnownFileType = sourcecode.swift; path = MessageCellNode.swift; sourceTree = "<group>"; };
		A99AE60C1B7666DE00085138 /* MessageContentNode.swift */ = {isa = PBXFileReference; fileEncoding = 4; lastKnownFileType = sourcecode.swift; path = MessageContentNode.swift; sourceTree = "<group>"; };
		A99AE60D1B7666DE00085138 /* MessageNetworkImageBubbleNode.swift */ = {isa = PBXFileReference; fileEncoding = 4; lastKnownFileType = sourcecode.swift; path = MessageNetworkImageBubbleNode.swift; sourceTree = "<group>"; };
		A99AE60E1B7666DE00085138 /* MessageTextBubbleNode.swift */ = {isa = PBXFileReference; fileEncoding = 4; lastKnownFileType = sourcecode.swift; path = MessageTextBubbleNode.swift; sourceTree = "<group>"; };
		A99AE60F1B7666DE00085138 /* UIImageExtensions.swift */ = {isa = PBXFileReference; fileEncoding = 4; lastKnownFileType = sourcecode.swift; path = UIImageExtensions.swift; sourceTree = "<group>"; };
		A99AE61F1B7666F800085138 /* Message.swift */ = {isa = PBXFileReference; fileEncoding = 4; lastKnownFileType = sourcecode.swift; path = Message.swift; sourceTree = "<group>"; };
		A99AE6201B7666F800085138 /* User.swift */ = {isa = PBXFileReference; fileEncoding = 4; lastKnownFileType = sourcecode.swift; path = User.swift; sourceTree = "<group>"; };
		A99AE6231B7686A700085138 /* BaseMessageCollectionView.swift */ = {isa = PBXFileReference; fileEncoding = 4; lastKnownFileType = sourcecode.swift; path = BaseMessageCollectionView.swift; sourceTree = "<group>"; };
		A99AE6251B76950E00085138 /* SideMenuVIewController.swift */ = {isa = PBXFileReference; fileEncoding = 4; lastKnownFileType = sourcecode.swift; name = SideMenuVIewController.swift; path = ../Views/SideMenuVIewController.swift; sourceTree = "<group>"; };
		A99AE6271B76952700085138 /* SideMenuVIewController.xib */ = {isa = PBXFileReference; fileEncoding = 4; lastKnownFileType = file.xib; path = SideMenuVIewController.xib; sourceTree = "<group>"; };
		A99AE6291B76988A00085138 /* SideMenuCellView.xib */ = {isa = PBXFileReference; fileEncoding = 4; lastKnownFileType = file.xib; path = SideMenuCellView.xib; sourceTree = "<group>"; };
		A99AE62B1B76A72C00085138 /* BaseSideMenuViewController.swift */ = {isa = PBXFileReference; fileEncoding = 4; lastKnownFileType = sourcecode.swift; path = BaseSideMenuViewController.swift; sourceTree = "<group>"; };
		A99AE62D1B77466100085138 /* NotificationsViewController.swift */ = {isa = PBXFileReference; fileEncoding = 4; lastKnownFileType = sourcecode.swift; path = NotificationsViewController.swift; sourceTree = "<group>"; };
		A99AE62F1B77475B00085138 /* NotificationsViewController.xib */ = {isa = PBXFileReference; fileEncoding = 4; lastKnownFileType = file.xib; path = NotificationsViewController.xib; sourceTree = "<group>"; };
		A99AE6311B7747E800085138 /* NotificationViewCell.swift */ = {isa = PBXFileReference; fileEncoding = 4; lastKnownFileType = sourcecode.swift; path = NotificationViewCell.swift; sourceTree = "<group>"; };
		A99AE6331B77481B00085138 /* NotificationViewCell.xib */ = {isa = PBXFileReference; fileEncoding = 4; lastKnownFileType = file.xib; path = NotificationViewCell.xib; sourceTree = "<group>"; };
		A99AE6351B774BF600085138 /* UIButtonCircle.swift */ = {isa = PBXFileReference; fileEncoding = 4; lastKnownFileType = sourcecode.swift; path = UIButtonCircle.swift; sourceTree = "<group>"; };
		A99AE6371B774C2800085138 /* UIButtonRoundedBorder.swift */ = {isa = PBXFileReference; fileEncoding = 4; lastKnownFileType = sourcecode.swift; path = UIButtonRoundedBorder.swift; sourceTree = "<group>"; };
		A99AE6391B775DC400085138 /* SeperatorView.swift */ = {isa = PBXFileReference; fileEncoding = 4; lastKnownFileType = sourcecode.swift; path = SeperatorView.swift; sourceTree = "<group>"; };
		A9B7D4591B752C5D00E79F12 /* UIImageView+corderEdge.swift */ = {isa = PBXFileReference; fileEncoding = 4; lastKnownFileType = sourcecode.swift; path = "UIImageView+corderEdge.swift"; sourceTree = "<group>"; };
		A9B7D45B1B752E1700E79F12 /* LabelViewWithIcon.swift */ = {isa = PBXFileReference; fileEncoding = 4; lastKnownFileType = sourcecode.swift; path = LabelViewWithIcon.swift; sourceTree = "<group>"; };
		A9B7D45D1B752ED400E79F12 /* UIImage+tintColor.swift */ = {isa = PBXFileReference; fileEncoding = 4; lastKnownFileType = sourcecode.swift; path = "UIImage+tintColor.swift"; sourceTree = "<group>"; };
		A9B7D45F1B75424B00E79F12 /* UImageVIewCircle.swift */ = {isa = PBXFileReference; fileEncoding = 4; lastKnownFileType = sourcecode.swift; path = UImageVIewCircle.swift; sourceTree = "<group>"; };
		A9B7D4731B76628300E79F12 /* CommentsViewController.swift */ = {isa = PBXFileReference; fileEncoding = 4; lastKnownFileType = sourcecode.swift; path = CommentsViewController.swift; sourceTree = "<group>"; };
		A9D385CB1B77601800DD8492 /* OFL.txt */ = {isa = PBXFileReference; fileEncoding = 4; lastKnownFileType = text; path = OFL.txt; sourceTree = "<group>"; };
		A9D385CC1B77601800DD8492 /* PT_Serif-Web-Bold.ttf */ = {isa = PBXFileReference; lastKnownFileType = file; path = "PT_Serif-Web-Bold.ttf"; sourceTree = "<group>"; };
		A9D385CD1B77601800DD8492 /* PT_Serif-Web-BoldItalic.ttf */ = {isa = PBXFileReference; lastKnownFileType = file; path = "PT_Serif-Web-BoldItalic.ttf"; sourceTree = "<group>"; };
		A9D385CE1B77601800DD8492 /* PT_Serif-Web-Italic.ttf */ = {isa = PBXFileReference; lastKnownFileType = file; path = "PT_Serif-Web-Italic.ttf"; sourceTree = "<group>"; };
		A9D385CF1B77601800DD8492 /* PT_Serif-Web-Regular.ttf */ = {isa = PBXFileReference; lastKnownFileType = file; path = "PT_Serif-Web-Regular.ttf"; sourceTree = "<group>"; };
		A9D385D51B77665800DD8492 /* SettingsViewController.swift */ = {isa = PBXFileReference; fileEncoding = 4; lastKnownFileType = sourcecode.swift; path = SettingsViewController.swift; sourceTree = "<group>"; };
		A9D385D71B777DBA00DD8492 /* NotificationFilterView.xib */ = {isa = PBXFileReference; fileEncoding = 4; lastKnownFileType = file.xib; path = NotificationFilterView.xib; sourceTree = "<group>"; };
		A9D385D91B777DD300DD8492 /* NotificationFilterView.swift */ = {isa = PBXFileReference; fileEncoding = 4; lastKnownFileType = sourcecode.swift; path = NotificationFilterView.swift; sourceTree = "<group>"; };
		A9D385DB1B7780E000DD8492 /* NotificationsFilterViewCell.xib */ = {isa = PBXFileReference; fileEncoding = 4; lastKnownFileType = file.xib; path = NotificationsFilterViewCell.xib; sourceTree = "<group>"; };
		A9D385DD1B778EF600DD8492 /* BookmarksViewController.swift */ = {isa = PBXFileReference; fileEncoding = 4; lastKnownFileType = sourcecode.swift; path = BookmarksViewController.swift; sourceTree = "<group>"; };
		A9D385DF1B77A52000DD8492 /* DraftsViewController.swift */ = {isa = PBXFileReference; fileEncoding = 4; lastKnownFileType = sourcecode.swift; path = DraftsViewController.swift; sourceTree = "<group>"; };
		A9D385E11B77E13300DD8492 /* DraftsViewController.xib */ = {isa = PBXFileReference; fileEncoding = 4; lastKnownFileType = file.xib; path = DraftsViewController.xib; sourceTree = "<group>"; };
		A9D385E31B77EF4E00DD8492 /* BookmarkMainPostView.xib */ = {isa = PBXFileReference; fileEncoding = 4; lastKnownFileType = file.xib; path = BookmarkMainPostView.xib; sourceTree = "<group>"; };
		A9D385E51B77EF5800DD8492 /* BookmarkMainPostView.swift */ = {isa = PBXFileReference; fileEncoding = 4; lastKnownFileType = sourcecode.swift; path = BookmarkMainPostView.swift; sourceTree = "<group>"; };
		A9D385E71B77F23C00DD8492 /* BookmarksViewCell.xib */ = {isa = PBXFileReference; fileEncoding = 4; lastKnownFileType = file.xib; path = BookmarksViewCell.xib; sourceTree = "<group>"; };
		A9D385E91B77F33C00DD8492 /* UIImage+Itunes11.swift */ = {isa = PBXFileReference; fileEncoding = 4; lastKnownFileType = sourcecode.swift; path = "UIImage+Itunes11.swift"; sourceTree = "<group>"; };
		A9D385EB1B77F4CC00DD8492 /* BaseQueryCollectionViewController.swift */ = {isa = PBXFileReference; fileEncoding = 4; lastKnownFileType = sourcecode.swift; path = BaseQueryCollectionViewController.swift; sourceTree = "<group>"; };
		A9D385ED1B77F5DB00DD8492 /* BookmarksViewCell.swift */ = {isa = PBXFileReference; fileEncoding = 4; lastKnownFileType = sourcecode.swift; path = BookmarksViewCell.swift; sourceTree = "<group>"; };
		A9D385EF1B77F91C00DD8492 /* DraftsViewCell.swift */ = {isa = PBXFileReference; fileEncoding = 4; lastKnownFileType = sourcecode.swift; path = DraftsViewCell.swift; sourceTree = "<group>"; };
		A9D385F11B77F9A300DD8492 /* DraftsViewCell.xib */ = {isa = PBXFileReference; fileEncoding = 4; lastKnownFileType = file.xib; path = DraftsViewCell.xib; sourceTree = "<group>"; };
		A9D385F31B77FA4900DD8492 /* BookmarksViewController.xib */ = {isa = PBXFileReference; fileEncoding = 4; lastKnownFileType = file.xib; path = BookmarksViewController.xib; sourceTree = "<group>"; };
		A9D385F51B7807E800DD8492 /* NewPostViewController.swift */ = {isa = PBXFileReference; fileEncoding = 4; lastKnownFileType = sourcecode.swift; path = NewPostViewController.swift; sourceTree = "<group>"; };
		A9D385F71B7807FE00DD8492 /* PostViewController.swift */ = {isa = PBXFileReference; fileEncoding = 4; lastKnownFileType = sourcecode.swift; path = PostViewController.swift; sourceTree = "<group>"; };
		A9D385F91B78080E00DD8492 /* SettingsPostViewController.swift */ = {isa = PBXFileReference; fileEncoding = 4; lastKnownFileType = sourcecode.swift; path = SettingsPostViewController.swift; sourceTree = "<group>"; };
		A9D385FB1B78081D00DD8492 /* NewPostViewController.xib */ = {isa = PBXFileReference; fileEncoding = 4; lastKnownFileType = file.xib; path = NewPostViewController.xib; sourceTree = "<group>"; };
		A9D385FD1B78082A00DD8492 /* PostViewController.xib */ = {isa = PBXFileReference; fileEncoding = 4; lastKnownFileType = file.xib; path = PostViewController.xib; sourceTree = "<group>"; };
		A9D385FF1B780A9A00DD8492 /* FollowersViewController.swift */ = {isa = PBXFileReference; fileEncoding = 4; lastKnownFileType = sourcecode.swift; path = FollowersViewController.swift; sourceTree = "<group>"; };
		A9D386011B786A9000DD8492 /* BaseFormViewController.swift */ = {isa = PBXFileReference; fileEncoding = 4; lastKnownFileType = sourcecode.swift; path = BaseFormViewController.swift; sourceTree = "<group>"; };
		A9D386031B78F36100DD8492 /* ProfileEditViewController.swift */ = {isa = PBXFileReference; fileEncoding = 4; lastKnownFileType = sourcecode.swift; path = ProfileEditViewController.swift; sourceTree = "<group>"; };
		A9D386051B79242D00DD8492 /* ProfileEditViewController.xib */ = {isa = PBXFileReference; fileEncoding = 4; lastKnownFileType = file.xib; path = ProfileEditViewController.xib; sourceTree = "<group>"; };
		A9D386071B79245200DD8492 /* SettingsPostViewController.xib */ = {isa = PBXFileReference; fileEncoding = 4; lastKnownFileType = file.xib; path = SettingsPostViewController.xib; sourceTree = "<group>"; };
		A9D386091B79253A00DD8492 /* EMPartialModalViewController.swift */ = {isa = PBXFileReference; fileEncoding = 4; lastKnownFileType = sourcecode.swift; path = EMPartialModalViewController.swift; sourceTree = "<group>"; };
		A9D3860B1B792B6900DD8492 /* ProfileEditHeaderView.swift */ = {isa = PBXFileReference; fileEncoding = 4; lastKnownFileType = sourcecode.swift; path = ProfileEditHeaderView.swift; sourceTree = "<group>"; };
		A9D3860D1B792B9800DD8492 /* ProfileEditHeaderView.xib */ = {isa = PBXFileReference; fileEncoding = 4; lastKnownFileType = file.xib; path = ProfileEditHeaderView.xib; sourceTree = "<group>"; };
		A9D3860F1B79C01E00DD8492 /* test.storyboard */ = {isa = PBXFileReference; fileEncoding = 4; lastKnownFileType = file.storyboard; path = test.storyboard; sourceTree = "<group>"; };
		A9D386111B7A722200DD8492 /* MessagesViewController.swift */ = {isa = PBXFileReference; fileEncoding = 4; lastKnownFileType = sourcecode.swift; path = MessagesViewController.swift; sourceTree = "<group>"; };
		A9D386131B7A729300DD8492 /* MessagesViewController.xib */ = {isa = PBXFileReference; fileEncoding = 4; lastKnownFileType = file.xib; path = MessagesViewController.xib; sourceTree = "<group>"; };
		A9D386151B7A736500DD8492 /* MessageViewCell.xib */ = {isa = PBXFileReference; fileEncoding = 4; lastKnownFileType = file.xib; path = MessageViewCell.xib; sourceTree = "<group>"; };
		A9D386171B7A737B00DD8492 /* MessageViewCell.swift */ = {isa = PBXFileReference; fileEncoding = 4; lastKnownFileType = sourcecode.swift; path = MessageViewCell.swift; sourceTree = "<group>"; };
		A9D386231B7A83E000DD8492 /* SBGestureTableView.swift */ = {isa = PBXFileReference; fileEncoding = 4; lastKnownFileType = sourcecode.swift; path = SBGestureTableView.swift; sourceTree = "<group>"; };
		A9D386241B7A83E000DD8492 /* SBGestureTableViewCell.swift */ = {isa = PBXFileReference; fileEncoding = 4; lastKnownFileType = sourcecode.swift; path = SBGestureTableViewCell.swift; sourceTree = "<group>"; };
		A9D386251B7A83E000DD8492 /* SBGestureTableViewCellAction.swift */ = {isa = PBXFileReference; fileEncoding = 4; lastKnownFileType = sourcecode.swift; path = SBGestureTableViewCellAction.swift; sourceTree = "<group>"; };
		A9D386261B7A83E000DD8492 /* SBGestureTableViewCellSideView.swift */ = {isa = PBXFileReference; fileEncoding = 4; lastKnownFileType = sourcecode.swift; path = SBGestureTableViewCellSideView.swift; sourceTree = "<group>"; };
		A9D3862B1B7A84B600DD8492 /* BaseGestureQueryTableViewController.swift */ = {isa = PBXFileReference; fileEncoding = 4; lastKnownFileType = sourcecode.swift; path = BaseGestureQueryTableViewController.swift; sourceTree = "<group>"; };
		A9D3862E1B7A897400DD8492 /* FAKFontAwesome.h */ = {isa = PBXFileReference; fileEncoding = 4; lastKnownFileType = sourcecode.c.h; path = FAKFontAwesome.h; sourceTree = "<group>"; };
		A9D3862F1B7A897400DD8492 /* FAKFontAwesome.m */ = {isa = PBXFileReference; fileEncoding = 4; lastKnownFileType = sourcecode.c.objc; path = FAKFontAwesome.m; sourceTree = "<group>"; };
		A9D386301B7A897400DD8492 /* FAKFoundationIcons.h */ = {isa = PBXFileReference; fileEncoding = 4; lastKnownFileType = sourcecode.c.h; path = FAKFoundationIcons.h; sourceTree = "<group>"; };
		A9D386311B7A897400DD8492 /* FAKFoundationIcons.m */ = {isa = PBXFileReference; fileEncoding = 4; lastKnownFileType = sourcecode.c.objc; path = FAKFoundationIcons.m; sourceTree = "<group>"; };
		A9D386321B7A897400DD8492 /* FAKIcon.h */ = {isa = PBXFileReference; fileEncoding = 4; lastKnownFileType = sourcecode.c.h; path = FAKIcon.h; sourceTree = "<group>"; };
		A9D386331B7A897400DD8492 /* FAKIcon.m */ = {isa = PBXFileReference; fileEncoding = 4; lastKnownFileType = sourcecode.c.objc; path = FAKIcon.m; sourceTree = "<group>"; };
		A9D386341B7A897400DD8492 /* FAKIonIcons.h */ = {isa = PBXFileReference; fileEncoding = 4; lastKnownFileType = sourcecode.c.h; path = FAKIonIcons.h; sourceTree = "<group>"; };
		A9D386351B7A897400DD8492 /* FAKIonIcons.m */ = {isa = PBXFileReference; fileEncoding = 4; lastKnownFileType = sourcecode.c.objc; path = FAKIonIcons.m; sourceTree = "<group>"; };
		A9D386361B7A897400DD8492 /* FAKZocial.h */ = {isa = PBXFileReference; fileEncoding = 4; lastKnownFileType = sourcecode.c.h; path = FAKZocial.h; sourceTree = "<group>"; };
		A9D386371B7A897400DD8492 /* FAKZocial.m */ = {isa = PBXFileReference; fileEncoding = 4; lastKnownFileType = sourcecode.c.objc; path = FAKZocial.m; sourceTree = "<group>"; };
		A9D386381B7A897400DD8492 /* FontAwesome.otf */ = {isa = PBXFileReference; lastKnownFileType = file; path = FontAwesome.otf; sourceTree = "<group>"; };
		A9D386391B7A897400DD8492 /* FontAwesomeKit.h */ = {isa = PBXFileReference; fileEncoding = 4; lastKnownFileType = sourcecode.c.h; path = FontAwesomeKit.h; sourceTree = "<group>"; };
		A9D3863A1B7A897400DD8492 /* foundation-icons.ttf */ = {isa = PBXFileReference; lastKnownFileType = file; path = "foundation-icons.ttf"; sourceTree = "<group>"; };
		A9D3863B1B7A897400DD8492 /* ionicons.ttf */ = {isa = PBXFileReference; lastKnownFileType = file; path = ionicons.ttf; sourceTree = "<group>"; };
		A9D3863C1B7A897400DD8492 /* LICENSE */ = {isa = PBXFileReference; fileEncoding = 4; lastKnownFileType = text; path = LICENSE; sourceTree = "<group>"; };
		A9D3863D1B7A897400DD8492 /* zocial-regular-webfont.ttf */ = {isa = PBXFileReference; lastKnownFileType = file; path = "zocial-regular-webfont.ttf"; sourceTree = "<group>"; };
		A9D6EC551B7405A7002546A3 /* StatefulViewController.swift */ = {isa = PBXFileReference; fileEncoding = 4; lastKnownFileType = sourcecode.swift; path = StatefulViewController.swift; sourceTree = "<group>"; };
		A9D6EC561B7405A7002546A3 /* ViewStateMachine.swift */ = {isa = PBXFileReference; fileEncoding = 4; lastKnownFileType = sourcecode.swift; path = ViewStateMachine.swift; sourceTree = "<group>"; };
		A9D6EC591B746BC6002546A3 /* AVFoundation.framework */ = {isa = PBXFileReference; lastKnownFileType = wrapper.framework; name = AVFoundation.framework; path = System/Library/Frameworks/AVFoundation.framework; sourceTree = SDKROOT; };
		A9D6EC5B1B747472002546A3 /* CoreMedia.framework */ = {isa = PBXFileReference; lastKnownFileType = wrapper.framework; name = CoreMedia.framework; path = System/Library/Frameworks/CoreMedia.framework; sourceTree = SDKROOT; };
		A9D6EC5D1B747486002546A3 /* CoreMotion.framework */ = {isa = PBXFileReference; lastKnownFileType = wrapper.framework; name = CoreMotion.framework; path = System/Library/Frameworks/CoreMotion.framework; sourceTree = SDKROOT; };
		A9D6EC5F1B7474A5002546A3 /* AdSupport.framework */ = {isa = PBXFileReference; lastKnownFileType = wrapper.framework; name = AdSupport.framework; path = System/Library/Frameworks/AdSupport.framework; sourceTree = SDKROOT; };
		A9D6EC631B74D76F002546A3 /* BaseQueryViewController.swift */ = {isa = PBXFileReference; fileEncoding = 4; lastKnownFileType = sourcecode.swift; path = BaseQueryViewController.swift; sourceTree = "<group>"; };
		A9D6EC651B74D7D9002546A3 /* BaseQueryTableViewContoller.swift */ = {isa = PBXFileReference; fileEncoding = 4; lastKnownFileType = sourcecode.swift; path = BaseQueryTableViewContoller.swift; sourceTree = "<group>"; };
		A9D6EC681B74D957002546A3 /* BasicPlaceholderView.swift */ = {isa = PBXFileReference; fileEncoding = 4; lastKnownFileType = sourcecode.swift; path = BasicPlaceholderView.swift; sourceTree = "<group>"; };
		A9D6EC691B74D957002546A3 /* EmptyView.swift */ = {isa = PBXFileReference; fileEncoding = 4; lastKnownFileType = sourcecode.swift; path = EmptyView.swift; sourceTree = "<group>"; };
		A9D6EC6A1B74D957002546A3 /* ErrorView.swift */ = {isa = PBXFileReference; fileEncoding = 4; lastKnownFileType = sourcecode.swift; path = ErrorView.swift; sourceTree = "<group>"; };
		A9D6EC6B1B74D957002546A3 /* LoadingView.swift */ = {isa = PBXFileReference; fileEncoding = 4; lastKnownFileType = sourcecode.swift; path = LoadingView.swift; sourceTree = "<group>"; };
		A9D6EC6C1B74D957002546A3 /* LoadingViewProfile.swift */ = {isa = PBXFileReference; fileEncoding = 4; lastKnownFileType = sourcecode.swift; path = LoadingViewProfile.swift; sourceTree = "<group>"; };
		A9D6EC781B74DCA6002546A3 /* String+localized.swift */ = {isa = PBXFileReference; fileEncoding = 4; lastKnownFileType = sourcecode.swift; path = "String+localized.swift"; sourceTree = "<group>"; };
		A9D6EC7A1B74E66E002546A3 /* FeedViewController.swift */ = {isa = PBXFileReference; fileEncoding = 4; lastKnownFileType = sourcecode.swift; path = FeedViewController.swift; sourceTree = "<group>"; };
		A9D6EC901B7515B5002546A3 /* AppViewController.xib */ = {isa = PBXFileReference; fileEncoding = 4; lastKnownFileType = file.xib; path = AppViewController.xib; sourceTree = "<group>"; };
		A9D6EC911B7515B5002546A3 /* FeedViewController.xib */ = {isa = PBXFileReference; fileEncoding = 4; lastKnownFileType = file.xib; path = FeedViewController.xib; sourceTree = "<group>"; };
		A9D6EC921B7515B5002546A3 /* LogInViewController.xib */ = {isa = PBXFileReference; fileEncoding = 4; lastKnownFileType = file.xib; path = LogInViewController.xib; sourceTree = "<group>"; };
		A9D6EC931B7515B5002546A3 /* ProfilePostViewCell.xib */ = {isa = PBXFileReference; fileEncoding = 4; lastKnownFileType = file.xib; path = ProfilePostViewCell.xib; sourceTree = "<group>"; };
		A9D6EC941B7515B5002546A3 /* ProfileViewController.xib */ = {isa = PBXFileReference; fileEncoding = 4; lastKnownFileType = file.xib; path = ProfileViewController.xib; sourceTree = "<group>"; };
		A9D6EC951B7515B5002546A3 /* SignUpViewController.xib */ = {isa = PBXFileReference; fileEncoding = 4; lastKnownFileType = file.xib; path = SignUpViewController.xib; sourceTree = "<group>"; };
		A9D6EC9D1B7515F6002546A3 /* ProfileHeaderView.swift */ = {isa = PBXFileReference; fileEncoding = 4; lastKnownFileType = sourcecode.swift; path = ProfileHeaderView.swift; sourceTree = "<group>"; };
		A9D6EC9F1B751655002546A3 /* ProfileHeaderView.xib */ = {isa = PBXFileReference; fileEncoding = 4; lastKnownFileType = file.xib; path = ProfileHeaderView.xib; sourceTree = "<group>"; };
		A9D6ECA11B7516A2002546A3 /* ProfilePostViewCell.swift */ = {isa = PBXFileReference; fileEncoding = 4; lastKnownFileType = sourcecode.swift; path = ProfilePostViewCell.swift; sourceTree = "<group>"; };
		A9D6ECA31B751B02002546A3 /* FeedPostViewCell.swift */ = {isa = PBXFileReference; fileEncoding = 4; lastKnownFileType = sourcecode.swift; path = FeedPostViewCell.swift; sourceTree = "<group>"; };
		A9D6ECA51B751B0D002546A3 /* FeedPostViewCell.xib */ = {isa = PBXFileReference; fileEncoding = 4; lastKnownFileType = file.xib; path = FeedPostViewCell.xib; sourceTree = "<group>"; };
		B9C7B197D1564C4ECD0230DB /* Pods_Think.framework */ = {isa = PBXFileReference; explicitFileType = wrapper.framework; includeInIndex = 0; path = Pods_Think.framework; sourceTree = BUILT_PRODUCTS_DIR; };
/* End PBXFileReference section */

/* Begin PBXFrameworksBuildPhase section */
		81BA81421A49DA1800E65899 /* Frameworks */ = {
			isa = PBXFrameworksBuildPhase;
			buildActionMask = 2147483647;
			files = (
				A966ED6B1B737F16002DFED8 /* FBAudienceNetwork.framework in Frameworks */,
				A9D6EC601B7474A6002546A3 /* AdSupport.framework in Frameworks */,
				A9D6EC5E1B747486002546A3 /* CoreMotion.framework in Frameworks */,
				A9D6EC5C1B747472002546A3 /* CoreMedia.framework in Frameworks */,
				A9D6EC5A1B746BC7002546A3 /* AVFoundation.framework in Frameworks */,
				A966ED7F1B738AEF002DFED8 /* Accounts.framework in Frameworks */,
				A966ED7D1B738AE7002DFED8 /* Social.framework in Frameworks */,
				A966ED711B73830B002DFED8 /* ParseFacebookUtilsV4.framework in Frameworks */,
				A966ED691B737F16002DFED8 /* Bolts.framework in Frameworks */,
				A966ED6C1B737F16002DFED8 /* FBSDKCoreKit.framework in Frameworks */,
				A966ED6D1B737F16002DFED8 /* FBSDKLoginKit.framework in Frameworks */,
				A966ED6E1B737F16002DFED8 /* FBSDKMessengerShareKit.framework in Frameworks */,
				A966ED6F1B737F16002DFED8 /* FBSDKShareKit.framework in Frameworks */,
				81BA817F1A49E0F000E65899 /* libstdc++.6.dylib in Frameworks */,
				81BA817B1A49E0E500E65899 /* SystemConfiguration.framework in Frameworks */,
				81BA81791A49E0DB00E65899 /* AudioToolbox.framework in Frameworks */,
				81BA81771A49E0D500E65899 /* libsqlite3.dylib in Frameworks */,
				81BA81711A49DB6800E65899 /* Parse.framework in Frameworks */,
				81BA81721A49DB6800E65899 /* ParseCrashReporting.framework in Frameworks */,
				81BA81811A49E10C00E65899 /* ParseUI.framework in Frameworks */,
				81BA81701A49DB6800E65899 /* Bolts.framework in Frameworks */,
				0640730BBF54B6ED528B7B44 /* Pods_Think.framework in Frameworks */,
			);
			runOnlyForDeploymentPostprocessing = 0;
		};
/* End PBXFrameworksBuildPhase section */

/* Begin PBXGroup section */
		0BE359DAFF6A53DC66FF3499 /* Pods */ = {
			isa = PBXGroup;
			children = (
				49E21E2DED1F01F3A4E46DA0 /* Pods-Think.debug.xcconfig */,
				7D57E0D4D066DF7D206077EC /* Pods-Think.release.xcconfig */,
			);
			name = Pods;
			sourceTree = "<group>";
		};
		81BA813C1A49DA1800E65899 = {
			isa = PBXGroup;
			children = (
				A966EDAE1B73D8DA002DFED8 /* Think.entitlements */,
				81BA81471A49DA1800E65899 /* ParseStarterProject */,
				81BA816A1A49DB5600E65899 /* Frameworks */,
				81BA81461A49DA1800E65899 /* Products */,
				0BE359DAFF6A53DC66FF3499 /* Pods */,
			);
			sourceTree = "<group>";
		};
		81BA81461A49DA1800E65899 /* Products */ = {
			isa = PBXGroup;
			children = (
				81BA81451A49DA1800E65899 /* Think.app */,
			);
			name = Products;
			sourceTree = "<group>";
		};
		81BA81471A49DA1800E65899 /* ParseStarterProject */ = {
			isa = PBXGroup;
			children = (
				A9D6EC9C1B7515E5002546A3 /* CustomViews */,
				A966ED861B73A147002DFED8 /* Playground */,
				A966ED501B737C6F002DFED8 /* Application */,
				A966ED511B737C6F002DFED8 /* Controllers */,
				A966ED521B737C6F002DFED8 /* Library */,
				A966ED531B737C6F002DFED8 /* Models */,
				A966ED541B737C6F002DFED8 /* Resources */,
				A966ED551B737C6F002DFED8 /* Storyboards */,
				A966ED561B737C6F002DFED8 /* Views */,
				81BA81511A49DA1800E65899 /* Images.xcassets */,
				81BA81481A49DA1800E65899 /* Supporting Files */,
			);
			path = ParseStarterProject;
			sourceTree = "<group>";
		};
		81BA81481A49DA1800E65899 /* Supporting Files */ = {
			isa = PBXGroup;
			children = (
				81BA81491A49DA1800E65899 /* Info.plist */,
				81BA81821A49E27F00E65899 /* ParseStarterProject-Bridging-Header.h */,
			);
			name = "Supporting Files";
			sourceTree = "<group>";
		};
		81BA816A1A49DB5600E65899 /* Frameworks */ = {
			isa = PBXGroup;
			children = (
				A9D6EC5F1B7474A5002546A3 /* AdSupport.framework */,
				A9D6EC5D1B747486002546A3 /* CoreMotion.framework */,
				A9D6EC5B1B747472002546A3 /* CoreMedia.framework */,
				A9D6EC591B746BC6002546A3 /* AVFoundation.framework */,
				A966ED7E1B738AEF002DFED8 /* Accounts.framework */,
				A966ED7C1B738AE7002DFED8 /* Social.framework */,
				A966ED701B73830B002DFED8 /* ParseFacebookUtilsV4.framework */,
				A966ED621B737F16002DFED8 /* Bolts.framework */,
				A966ED631B737F16002DFED8 /* FacebookSDKStrings.bundle */,
				A966ED641B737F16002DFED8 /* FBAudienceNetwork.framework */,
				A966ED651B737F16002DFED8 /* FBSDKCoreKit.framework */,
				A966ED661B737F16002DFED8 /* FBSDKLoginKit.framework */,
				A966ED671B737F16002DFED8 /* FBSDKMessengerShareKit.framework */,
				A966ED681B737F16002DFED8 /* FBSDKShareKit.framework */,
				81BA816B1A49DB6800E65899 /* Bolts.framework */,
				81BA816C1A49DB6800E65899 /* Parse.framework */,
				81BA816D1A49DB6800E65899 /* ParseCrashReporting.framework */,
				81BA816E1A49DB6800E65899 /* ParseFacebookUtils.framework */,
				81BA81801A49E10C00E65899 /* ParseUI.framework */,
				81BA81751A49E0C500E65899 /* System Frameworks */,
				B9C7B197D1564C4ECD0230DB /* Pods_Think.framework */,
			);
			name = Frameworks;
			sourceTree = "<group>";
		};
		81BA81751A49E0C500E65899 /* System Frameworks */ = {
			isa = PBXGroup;
			children = (
				81BA817E1A49E0F000E65899 /* libstdc++.6.dylib */,
				81BA817A1A49E0E500E65899 /* SystemConfiguration.framework */,
				81BA81781A49E0DB00E65899 /* AudioToolbox.framework */,
				81BA81761A49E0D500E65899 /* libsqlite3.dylib */,
			);
			name = "System Frameworks";
			sourceTree = "<group>";
		};
		A966ED501B737C6F002DFED8 /* Application */ = {
			isa = PBXGroup;
			children = (
				81BA814A1A49DA1800E65899 /* AppDelegate.swift */,
				81BA814C1A49DA1800E65899 /* ViewController.swift */,
			);
			path = Application;
			sourceTree = "<group>";
		};
		A966ED511B737C6F002DFED8 /* Controllers */ = {
			isa = PBXGroup;
			children = (
				A966ED721B7384B9002DFED8 /* LogInViewController.swift */,
				A966ED761B73871D002DFED8 /* SignUpViewController.swift */,
				A966ED781B73891B002DFED8 /* AppViewController.swift */,
				A966EDAF1B7402BF002DFED8 /* ProfileViewController.swift */,
				A9D6EC7A1B74E66E002546A3 /* FeedViewController.swift */,
				A9B7D4731B76628300E79F12 /* CommentsViewController.swift */,
				A99AE62D1B77466100085138 /* NotificationsViewController.swift */,
				A9D385D51B77665800DD8492 /* SettingsViewController.swift */,
				A9D385DD1B778EF600DD8492 /* BookmarksViewController.swift */,
				A9D385DF1B77A52000DD8492 /* DraftsViewController.swift */,
				A9D385F71B7807FE00DD8492 /* PostViewController.swift */,
				A9D385F51B7807E800DD8492 /* NewPostViewController.swift */,
				A9D385F91B78080E00DD8492 /* SettingsPostViewController.swift */,
				A9D385FF1B780A9A00DD8492 /* FollowersViewController.swift */,
				A9D386031B78F36100DD8492 /* ProfileEditViewController.swift */,
				A9D386111B7A722200DD8492 /* MessagesViewController.swift */,
			);
			path = Controllers;
			sourceTree = "<group>";
		};
		A966ED521B737C6F002DFED8 /* Library */ = {
			isa = PBXGroup;
			children = (
				A966ED5A1B737CFA002DFED8 /* Base */,
				A966ED5B1B737CFA002DFED8 /* Helpers */,
				A966ED5D1B737CFA002DFED8 /* Vendors */,
			);
			path = Library;
			sourceTree = "<group>";
		};
		A966ED531B737C6F002DFED8 /* Models */ = {
			isa = PBXGroup;
			children = (
			);
			path = Models;
			sourceTree = "<group>";
		};
		A966ED541B737C6F002DFED8 /* Resources */ = {
			isa = PBXGroup;
			children = (
				A966ED8E1B73A7E8002DFED8 /* Fonts */,
			);
			path = Resources;
			sourceTree = "<group>";
		};
		A966ED551B737C6F002DFED8 /* Storyboards */ = {
			isa = PBXGroup;
			children = (
				81BA814E1A49DA1800E65899 /* Main.storyboard */,
				A966ED571B737CB5002DFED8 /* Authentication.storyboard */,
			);
			path = Storyboards;
			sourceTree = "<group>";
		};
		A966ED561B737C6F002DFED8 /* Views */ = {
			isa = PBXGroup;
			children = (
				A9D6EC901B7515B5002546A3 /* AppViewController.xib */,
				A9D6EC911B7515B5002546A3 /* FeedViewController.xib */,
				A9D6EC921B7515B5002546A3 /* LogInViewController.xib */,
				A99AE62F1B77475B00085138 /* NotificationsViewController.xib */,
				A9D6EC941B7515B5002546A3 /* ProfileViewController.xib */,
				A9D6EC951B7515B5002546A3 /* SignUpViewController.xib */,
				A99AE6271B76952700085138 /* SideMenuVIewController.xib */,
				A9D6EC931B7515B5002546A3 /* ProfilePostViewCell.xib */,
				A9D6EC9F1B751655002546A3 /* ProfileHeaderView.xib */,
				A9D3860D1B792B9800DD8492 /* ProfileEditHeaderView.xib */,
				A9D6ECA51B751B0D002546A3 /* FeedPostViewCell.xib */,
				A99AE6291B76988A00085138 /* SideMenuCellView.xib */,
				A99AE6331B77481B00085138 /* NotificationViewCell.xib */,
				A9D385D71B777DBA00DD8492 /* NotificationFilterView.xib */,
				A9D385DB1B7780E000DD8492 /* NotificationsFilterViewCell.xib */,
				A9D385E11B77E13300DD8492 /* DraftsViewController.xib */,
				A9D385E31B77EF4E00DD8492 /* BookmarkMainPostView.xib */,
				A9D385E71B77F23C00DD8492 /* BookmarksViewCell.xib */,
				A9D385F11B77F9A300DD8492 /* DraftsViewCell.xib */,
				A9D385F31B77FA4900DD8492 /* BookmarksViewController.xib */,
				A9D385FB1B78081D00DD8492 /* NewPostViewController.xib */,
				A9D385FD1B78082A00DD8492 /* PostViewController.xib */,
				A9D386051B79242D00DD8492 /* ProfileEditViewController.xib */,
				A9D386071B79245200DD8492 /* SettingsPostViewController.xib */,
				A9D386131B7A729300DD8492 /* MessagesViewController.xib */,
				A9D386151B7A736500DD8492 /* MessageViewCell.xib */,
			);
			path = Views;
			sourceTree = "<group>";
		};
		A966ED5A1B737CFA002DFED8 /* Base */ = {
			isa = PBXGroup;
			children = (
				A9D386221B7A83E000DD8492 /* SBGestureTableView */,
				A966ED5E1B737D10002DFED8 /* BaseViewController.swift */,
				A966ED601B737D31002DFED8 /* BaseNavigationController.swift */,
				A9D6EC631B74D76F002546A3 /* BaseQueryViewController.swift */,
				A9D6EC651B74D7D9002546A3 /* BaseQueryTableViewContoller.swift */,
				A99AE6231B7686A700085138 /* BaseMessageCollectionView.swift */,
				A99AE62B1B76A72C00085138 /* BaseSideMenuViewController.swift */,
				A9D385EB1B77F4CC00DD8492 /* BaseQueryCollectionViewController.swift */,
				A9D386011B786A9000DD8492 /* BaseFormViewController.swift */,
				A9D3862B1B7A84B600DD8492 /* BaseGestureQueryTableViewController.swift */,
			);
			path = Base;
			sourceTree = "<group>";
		};
		A966ED5B1B737CFA002DFED8 /* Helpers */ = {
			isa = PBXGroup;
			children = (
				A9D6EC671B74D957002546A3 /* PlaceholderViews */,
				A966ED891B73A22C002DFED8 /* Views */,
				A966ED5C1B737CFA002DFED8 /* Constants */,
			);
			path = Helpers;
			sourceTree = "<group>";
		};
		A966ED5C1B737CFA002DFED8 /* Constants */ = {
			isa = PBXGroup;
			children = (
				A966ED841B73A0FE002DFED8 /* Constants.swift */,
			);
			path = Constants;
			sourceTree = "<group>";
		};
		A966ED5D1B737CFA002DFED8 /* Vendors */ = {
			isa = PBXGroup;
			children = (
				A9D3862D1B7A897400DD8492 /* FontAwesomeKit */,
				A99AE5FD1B7666DE00085138 /* SourceCommentsViewController */,
				A9D6EC541B7405A7002546A3 /* StatefulViewController */,
			);
			path = Vendors;
			sourceTree = "<group>";
		};
		A966ED861B73A147002DFED8 /* Playground */ = {
			isa = PBXGroup;
			children = (
				A966ED871B73A15E002DFED8 /* view.xib */,
				A9D3860F1B79C01E00DD8492 /* test.storyboard */,
			);
			path = Playground;
			sourceTree = "<group>";
		};
		A966ED891B73A22C002DFED8 /* Views */ = {
			isa = PBXGroup;
			children = (
				A9D386091B79253A00DD8492 /* EMPartialModalViewController.swift */,
				A966ED8A1B73A23A002DFED8 /* UIButton+border.swift */,
				A966ED8C1B73A316002DFED8 /* UITextField+border.swift */,
				A966EDAA1B73D3BF002DFED8 /* UITextField+placeholder.swift */,
				A966EDAC1B73D5C9002DFED8 /* UIViewController+keyboard.swift */,
				A9D6EC781B74DCA6002546A3 /* String+localized.swift */,
				A9B7D4591B752C5D00E79F12 /* UIImageView+corderEdge.swift */,
				A9B7D45B1B752E1700E79F12 /* LabelViewWithIcon.swift */,
				A9B7D45D1B752ED400E79F12 /* UIImage+tintColor.swift */,
				A9B7D45F1B75424B00E79F12 /* UImageVIewCircle.swift */,
				A99AE6351B774BF600085138 /* UIButtonCircle.swift */,
				A99AE6371B774C2800085138 /* UIButtonRoundedBorder.swift */,
				A99AE6391B775DC400085138 /* SeperatorView.swift */,
				A9D385E91B77F33C00DD8492 /* UIImage+Itunes11.swift */,
			);
			path = Views;
			sourceTree = "<group>";
		};
		A966ED8E1B73A7E8002DFED8 /* Fonts */ = {
			isa = PBXGroup;
			children = (
				A9D385CA1B77601800DD8492 /* PT_Serif */,
				A966ED8F1B73A7E8002DFED8 /* Open_Sans */,
			);
			path = Fonts;
			sourceTree = "<group>";
		};
		A966ED8F1B73A7E8002DFED8 /* Open_Sans */ = {
			isa = PBXGroup;
			children = (
				A966ED901B73A7E8002DFED8 /* LICENSE.txt */,
				A966ED911B73A7E8002DFED8 /* OpenSans-Bold.ttf */,
				A966ED921B73A7E8002DFED8 /* OpenSans-BoldItalic.ttf */,
				A966ED931B73A7E8002DFED8 /* OpenSans-ExtraBold.ttf */,
				A966ED941B73A7E8002DFED8 /* OpenSans-ExtraBoldItalic.ttf */,
				A966ED951B73A7E8002DFED8 /* OpenSans-Italic.ttf */,
				A966ED961B73A7E8002DFED8 /* OpenSans-Light.ttf */,
				A966ED971B73A7E8002DFED8 /* OpenSans-LightItalic.ttf */,
				A966ED981B73A7E8002DFED8 /* OpenSans-Regular.ttf */,
				A966ED991B73A7E8002DFED8 /* OpenSans-Semibold.ttf */,
				A966ED9A1B73A7E8002DFED8 /* OpenSans-SemiboldItalic.ttf */,
			);
			path = Open_Sans;
			sourceTree = "<group>";
		};
		A99AE5FD1B7666DE00085138 /* SourceCommentsViewController */ = {
			isa = PBXGroup;
			children = (
				A99AE61E1B7666F800085138 /* Support */,
				A99AE5FE1B7666DE00085138 /* Assets */,
				A99AE6001B7666DE00085138 /* Controllers */,
				A99AE6071B7666DE00085138 /* Models */,
				A99AE6091B7666DE00085138 /* Views */,
			);
			path = SourceCommentsViewController;
			sourceTree = "<group>";
		};
		A99AE5FE1B7666DE00085138 /* Assets */ = {
			isa = PBXGroup;
			children = (
				A99AE5FF1B7666DE00085138 /* AsyncMessagesViewController.xcassets */,
			);
			path = Assets;
			sourceTree = "<group>";
		};
		A99AE6001B7666DE00085138 /* Controllers */ = {
			isa = PBXGroup;
			children = (
				A99AE6011B7666DE00085138 /* AsyncMessagesCollectionViewDataSource.swift */,
				A99AE6021B7666DE00085138 /* AsyncMessagesViewController.swift */,
				A99AE6031B7666DE00085138 /* DefaultAsyncMessagesCollectionViewDataSource.swift */,
				A99AE6041B7666DE00085138 /* MessageBubbleImageProvider.swift */,
				A99AE6051B7666DE00085138 /* MessageCellNodeMetadataFactory.swift */,
				A99AE6061B7666DE00085138 /* MessageTimestampFormatter.swift */,
			);
			path = Controllers;
			sourceTree = "<group>";
		};
		A99AE6071B7666DE00085138 /* Models */ = {
			isa = PBXGroup;
			children = (
				A99AE6081B7666DE00085138 /* MessageData.swift */,
			);
			path = Models;
			sourceTree = "<group>";
		};
		A99AE6091B7666DE00085138 /* Views */ = {
			isa = PBXGroup;
			children = (
				A99AE60A1B7666DE00085138 /* MessageBubbleNodeFactory.swift */,
				A99AE60B1B7666DE00085138 /* MessageCellNode.swift */,
				A99AE60C1B7666DE00085138 /* MessageContentNode.swift */,
				A99AE60D1B7666DE00085138 /* MessageNetworkImageBubbleNode.swift */,
				A99AE60E1B7666DE00085138 /* MessageTextBubbleNode.swift */,
				A99AE60F1B7666DE00085138 /* UIImageExtensions.swift */,
			);
			path = Views;
			sourceTree = "<group>";
		};
		A99AE61E1B7666F800085138 /* Support */ = {
			isa = PBXGroup;
			children = (
				A99AE61F1B7666F800085138 /* Message.swift */,
				A99AE6201B7666F800085138 /* User.swift */,
			);
			path = Support;
			sourceTree = "<group>";
		};
		A9D385CA1B77601800DD8492 /* PT_Serif */ = {
			isa = PBXGroup;
			children = (
				A9D385CB1B77601800DD8492 /* OFL.txt */,
				A9D385CC1B77601800DD8492 /* PT_Serif-Web-Bold.ttf */,
				A9D385CD1B77601800DD8492 /* PT_Serif-Web-BoldItalic.ttf */,
				A9D385CE1B77601800DD8492 /* PT_Serif-Web-Italic.ttf */,
				A9D385CF1B77601800DD8492 /* PT_Serif-Web-Regular.ttf */,
			);
			path = PT_Serif;
			sourceTree = "<group>";
		};
		A9D386221B7A83E000DD8492 /* SBGestureTableView */ = {
			isa = PBXGroup;
			children = (
				A9D386231B7A83E000DD8492 /* SBGestureTableView.swift */,
				A9D386241B7A83E000DD8492 /* SBGestureTableViewCell.swift */,
				A9D386251B7A83E000DD8492 /* SBGestureTableViewCellAction.swift */,
				A9D386261B7A83E000DD8492 /* SBGestureTableViewCellSideView.swift */,
			);
			path = SBGestureTableView;
			sourceTree = "<group>";
		};
		A9D3862D1B7A897400DD8492 /* FontAwesomeKit */ = {
			isa = PBXGroup;
			children = (
				A9D3862E1B7A897400DD8492 /* FAKFontAwesome.h */,
				A9D3862F1B7A897400DD8492 /* FAKFontAwesome.m */,
				A9D386301B7A897400DD8492 /* FAKFoundationIcons.h */,
				A9D386311B7A897400DD8492 /* FAKFoundationIcons.m */,
				A9D386321B7A897400DD8492 /* FAKIcon.h */,
				A9D386331B7A897400DD8492 /* FAKIcon.m */,
				A9D386341B7A897400DD8492 /* FAKIonIcons.h */,
				A9D386351B7A897400DD8492 /* FAKIonIcons.m */,
				A9D386361B7A897400DD8492 /* FAKZocial.h */,
				A9D386371B7A897400DD8492 /* FAKZocial.m */,
				A9D386381B7A897400DD8492 /* FontAwesome.otf */,
				A9D386391B7A897400DD8492 /* FontAwesomeKit.h */,
				A9D3863A1B7A897400DD8492 /* foundation-icons.ttf */,
				A9D3863B1B7A897400DD8492 /* ionicons.ttf */,
				A9D3863C1B7A897400DD8492 /* LICENSE */,
				A9D3863D1B7A897400DD8492 /* zocial-regular-webfont.ttf */,
			);
			path = FontAwesomeKit;
			sourceTree = "<group>";
		};
		A9D6EC541B7405A7002546A3 /* StatefulViewController */ = {
			isa = PBXGroup;
			children = (
				A9D6EC551B7405A7002546A3 /* StatefulViewController.swift */,
				A9D6EC561B7405A7002546A3 /* ViewStateMachine.swift */,
			);
			path = StatefulViewController;
			sourceTree = "<group>";
		};
		A9D6EC671B74D957002546A3 /* PlaceholderViews */ = {
			isa = PBXGroup;
			children = (
				A9D6EC681B74D957002546A3 /* BasicPlaceholderView.swift */,
				A9D6EC691B74D957002546A3 /* EmptyView.swift */,
				A9D6EC6A1B74D957002546A3 /* ErrorView.swift */,
				A9D6EC6B1B74D957002546A3 /* LoadingView.swift */,
				A9D6EC6C1B74D957002546A3 /* LoadingViewProfile.swift */,
			);
			path = PlaceholderViews;
			sourceTree = "<group>";
		};
		A9D6EC9C1B7515E5002546A3 /* CustomViews */ = {
			isa = PBXGroup;
			children = (
				A99AE6251B76950E00085138 /* SideMenuVIewController.swift */,
				A9D6EC9D1B7515F6002546A3 /* ProfileHeaderView.swift */,
				A9D6ECA11B7516A2002546A3 /* ProfilePostViewCell.swift */,
				A9D6ECA31B751B02002546A3 /* FeedPostViewCell.swift */,
				A99AE6311B7747E800085138 /* NotificationViewCell.swift */,
				A9D385D91B777DD300DD8492 /* NotificationFilterView.swift */,
				A9D385E51B77EF5800DD8492 /* BookmarkMainPostView.swift */,
				A9D385ED1B77F5DB00DD8492 /* BookmarksViewCell.swift */,
				A9D385EF1B77F91C00DD8492 /* DraftsViewCell.swift */,
				A9D3860B1B792B6900DD8492 /* ProfileEditHeaderView.swift */,
				A9D386171B7A737B00DD8492 /* MessageViewCell.swift */,
			);
			path = CustomViews;
			sourceTree = "<group>";
		};
/* End PBXGroup section */

/* Begin PBXNativeTarget section */
		81BA81441A49DA1800E65899 /* Think */ = {
			isa = PBXNativeTarget;
			buildConfigurationList = 81BA81641A49DA1800E65899 /* Build configuration list for PBXNativeTarget "Think" */;
			buildPhases = (
				8C55F4A212C2474C5455CC1B /* Check Pods Manifest.lock */,
				81BA81411A49DA1800E65899 /* Sources */,
				81BA81421A49DA1800E65899 /* Frameworks */,
				81BA81431A49DA1800E65899 /* Resources */,
				81CC85E11A49F6D40076DE19 /* Upload Symbol Files */,
				4B4C328C29162ED3FC3ED035 /* Embed Pods Frameworks */,
				6DE3F32930D67BDD2237E8BA /* Copy Pods Resources */,
			);
			buildRules = (
			);
			dependencies = (
			);
			name = Think;
			productName = ParseStarterProject;
			productReference = 81BA81451A49DA1800E65899 /* Think.app */;
			productType = "com.apple.product-type.application";
		};
/* End PBXNativeTarget section */

/* Begin PBXProject section */
		81BA813D1A49DA1800E65899 /* Project object */ = {
			isa = PBXProject;
			attributes = {
				LastUpgradeCheck = 0610;
				ORGANIZATIONNAME = Parse;
				TargetAttributes = {
					81BA81441A49DA1800E65899 = {
						CreatedOnToolsVersion = 6.1.1;
						DevelopmentTeam = A6543TM5TJ;
						SystemCapabilities = {
							com.apple.BackgroundModes = {
								enabled = 1;
							};
							com.apple.iCloud = {
								enabled = 1;
							};
						};
					};
				};
			};
			buildConfigurationList = 81BA81401A49DA1800E65899 /* Build configuration list for PBXProject "Think" */;
			compatibilityVersion = "Xcode 3.2";
			developmentRegion = English;
			hasScannedForEncodings = 0;
			knownRegions = (
				en,
				Base,
			);
			mainGroup = 81BA813C1A49DA1800E65899;
			productRefGroup = 81BA81461A49DA1800E65899 /* Products */;
			projectDirPath = "";
			projectRoot = "";
			targets = (
				81BA81441A49DA1800E65899 /* Think */,
			);
		};
/* End PBXProject section */

/* Begin PBXResourcesBuildPhase section */
		81BA81431A49DA1800E65899 /* Resources */ = {
			isa = PBXResourcesBuildPhase;
			buildActionMask = 2147483647;
			files = (
				A966EDA51B73A7E8002DFED8 /* OpenSans-SemiboldItalic.ttf in Resources */,
				A99AE6101B7666DE00085138 /* AsyncMessagesViewController.xcassets in Resources */,
				A9D386461B7A897400DD8492 /* LICENSE in Resources */,
				A9D6EC971B7515B5002546A3 /* FeedViewController.xib in Resources */,
				A9D6EC981B7515B5002546A3 /* LogInViewController.xib in Resources */,
				A9D6ECA01B751655002546A3 /* ProfileHeaderView.xib in Resources */,
				A966ED9B1B73A7E8002DFED8 /* LICENSE.txt in Resources */,
				A99AE6301B77475B00085138 /* NotificationsViewController.xib in Resources */,
				A966EDA01B73A7E8002DFED8 /* OpenSans-Italic.ttf in Resources */,
				A9D385D11B77601800DD8492 /* PT_Serif-Web-Bold.ttf in Resources */,
				A9D6ECA61B751B0D002546A3 /* FeedPostViewCell.xib in Resources */,
				A966ED9C1B73A7E8002DFED8 /* OpenSans-Bold.ttf in Resources */,
				A966ED9E1B73A7E8002DFED8 /* OpenSans-ExtraBold.ttf in Resources */,
				A9D3860E1B792B9800DD8492 /* ProfileEditHeaderView.xib in Resources */,
				A966ED581B737CB5002DFED8 /* Authentication.storyboard in Resources */,
				A9D385D41B77601800DD8492 /* PT_Serif-Web-Regular.ttf in Resources */,
				A9D6EC961B7515B5002546A3 /* AppViewController.xib in Resources */,
				A99AE6281B76952700085138 /* SideMenuVIewController.xib in Resources */,
				81BA81501A49DA1800E65899 /* Main.storyboard in Resources */,
				A9D385D21B77601800DD8492 /* PT_Serif-Web-BoldItalic.ttf in Resources */,
				A9D385F21B77F9A300DD8492 /* DraftsViewCell.xib in Resources */,
				A9D386161B7A736500DD8492 /* MessageViewCell.xib in Resources */,
				A99AE6341B77481B00085138 /* NotificationViewCell.xib in Resources */,
				A9D386141B7A729300DD8492 /* MessagesViewController.xib in Resources */,
				A9D385FE1B78082A00DD8492 /* PostViewController.xib in Resources */,
				A9D386441B7A897400DD8492 /* foundation-icons.ttf in Resources */,
				A966EDA11B73A7E8002DFED8 /* OpenSans-Light.ttf in Resources */,
				81BA81521A49DA1800E65899 /* Images.xcassets in Resources */,
				A9D385D01B77601800DD8492 /* OFL.txt in Resources */,
				A9D385E81B77F23C00DD8492 /* BookmarksViewCell.xib in Resources */,
				A9D386101B79C01E00DD8492 /* test.storyboard in Resources */,
				A966EDA41B73A7E8002DFED8 /* OpenSans-Semibold.ttf in Resources */,
				A9D386061B79242D00DD8492 /* ProfileEditViewController.xib in Resources */,
				A9D386471B7A897400DD8492 /* zocial-regular-webfont.ttf in Resources */,
				A9D386431B7A897400DD8492 /* FontAwesome.otf in Resources */,
				A966ED9F1B73A7E8002DFED8 /* OpenSans-ExtraBoldItalic.ttf in Resources */,
				A966EDA31B73A7E8002DFED8 /* OpenSans-Regular.ttf in Resources */,
				A9D386081B79245200DD8492 /* SettingsPostViewController.xib in Resources */,
				A9D386451B7A897400DD8492 /* ionicons.ttf in Resources */,
				A966ED9D1B73A7E8002DFED8 /* OpenSans-BoldItalic.ttf in Resources */,
				A9D385F41B77FA4900DD8492 /* BookmarksViewController.xib in Resources */,
				A9D385DC1B7780E000DD8492 /* NotificationsFilterViewCell.xib in Resources */,
				A9D385E41B77EF4E00DD8492 /* BookmarkMainPostView.xib in Resources */,
				A99AE62A1B76988A00085138 /* SideMenuCellView.xib in Resources */,
				A9D6EC9B1B7515B5002546A3 /* SignUpViewController.xib in Resources */,
				A9D385FC1B78081D00DD8492 /* NewPostViewController.xib in Resources */,
				A966EDA21B73A7E8002DFED8 /* OpenSans-LightItalic.ttf in Resources */,
				A966ED881B73A15E002DFED8 /* view.xib in Resources */,
				A9D385D31B77601800DD8492 /* PT_Serif-Web-Italic.ttf in Resources */,
				A9D385E21B77E13300DD8492 /* DraftsViewController.xib in Resources */,
				A9D6EC9A1B7515B5002546A3 /* ProfileViewController.xib in Resources */,
				A9D385D81B777DBA00DD8492 /* NotificationFilterView.xib in Resources */,
				A9D6EC991B7515B5002546A3 /* ProfilePostViewCell.xib in Resources */,
			);
			runOnlyForDeploymentPostprocessing = 0;
		};
/* End PBXResourcesBuildPhase section */

/* Begin PBXShellScriptBuildPhase section */
		4B4C328C29162ED3FC3ED035 /* Embed Pods Frameworks */ = {
			isa = PBXShellScriptBuildPhase;
			buildActionMask = 2147483647;
			files = (
			);
			inputPaths = (
			);
			name = "Embed Pods Frameworks";
			outputPaths = (
			);
			runOnlyForDeploymentPostprocessing = 0;
			shellPath = /bin/sh;
			shellScript = "\"${SRCROOT}/Pods/Target Support Files/Pods-Think/Pods-Think-frameworks.sh\"\n";
			showEnvVarsInLog = 0;
		};
		6DE3F32930D67BDD2237E8BA /* Copy Pods Resources */ = {
			isa = PBXShellScriptBuildPhase;
			buildActionMask = 2147483647;
			files = (
			);
			inputPaths = (
			);
			name = "Copy Pods Resources";
			outputPaths = (
			);
			runOnlyForDeploymentPostprocessing = 0;
			shellPath = /bin/sh;
			shellScript = "\"${SRCROOT}/Pods/Target Support Files/Pods-Think/Pods-Think-resources.sh\"\n";
			showEnvVarsInLog = 0;
		};
		81CC85E11A49F6D40076DE19 /* Upload Symbol Files */ = {
			isa = PBXShellScriptBuildPhase;
			buildActionMask = 2147483647;
			files = (
			);
			inputPaths = (
			);
			name = "Upload Symbol Files";
			outputPaths = (
			);
			runOnlyForDeploymentPostprocessing = 0;
			shellPath = /bin/sh;
			shellScript = "# This script will upload symbol files for your application,\n# so all your crash reports are going to be symbolicated\n\n# Important!\n# Before using the script, please initialize CloudCode folder and replace <path_to_cloudcode_folder> with the path to it\n#\n# Read more on Parse.com - https://parse.com/apps/quickstart#analytics/crashreporting/ios/\n############################################################\n\n\n# export PATH=/usr/local/bin:$PATH\n# cd <path_to_cloudcode_folder>\n\n# parse symbols -p \"${DWARF_DSYM_FOLDER_PATH}/${DWARF_DSYM_FILE_NAME}\"\n";
		};
		8C55F4A212C2474C5455CC1B /* Check Pods Manifest.lock */ = {
			isa = PBXShellScriptBuildPhase;
			buildActionMask = 2147483647;
			files = (
			);
			inputPaths = (
			);
			name = "Check Pods Manifest.lock";
			outputPaths = (
			);
			runOnlyForDeploymentPostprocessing = 0;
			shellPath = /bin/sh;
			shellScript = "diff \"${PODS_ROOT}/../Podfile.lock\" \"${PODS_ROOT}/Manifest.lock\" > /dev/null\nif [[ $? != 0 ]] ; then\n    cat << EOM\nerror: The sandbox is not in sync with the Podfile.lock. Run 'pod install' or update your CocoaPods installation.\nEOM\n    exit 1\nfi\n";
			showEnvVarsInLog = 0;
		};
/* End PBXShellScriptBuildPhase section */

/* Begin PBXSourcesBuildPhase section */
		81BA81411A49DA1800E65899 /* Sources */ = {
			isa = PBXSourcesBuildPhase;
			buildActionMask = 2147483647;
			files = (
				A9D6ECA41B751B02002546A3 /* FeedPostViewCell.swift in Sources */,
				A9D6ECA21B7516A2002546A3 /* ProfilePostViewCell.swift in Sources */,
				A9D386421B7A897400DD8492 /* FAKZocial.m in Sources */,
				A99AE6141B7666DE00085138 /* MessageBubbleImageProvider.swift in Sources */,
				A9B7D4741B76628300E79F12 /* CommentsViewController.swift in Sources */,
				A966ED611B737D31002DFED8 /* BaseNavigationController.swift in Sources */,
				A9D6EC711B74D957002546A3 /* LoadingViewProfile.swift in Sources */,
				81BA814D1A49DA1800E65899 /* ViewController.swift in Sources */,
				A99AE61D1B7666DE00085138 /* UIImageExtensions.swift in Sources */,
				A9D386411B7A897400DD8492 /* FAKIonIcons.m in Sources */,
				A9D386001B780A9A00DD8492 /* FollowersViewController.swift in Sources */,
				A9D385E61B77EF5800DD8492 /* BookmarkMainPostView.swift in Sources */,
				A99AE6131B7666DE00085138 /* DefaultAsyncMessagesCollectionViewDataSource.swift in Sources */,
				A99AE62E1B77466100085138 /* NotificationsViewController.swift in Sources */,
				81BA814B1A49DA1800E65899 /* AppDelegate.swift in Sources */,
				A9D385FA1B78080E00DD8492 /* SettingsPostViewController.swift in Sources */,
				A966EDAD1B73D5C9002DFED8 /* UIViewController+keyboard.swift in Sources */,
				A966ED731B7384B9002DFED8 /* LogInViewController.swift in Sources */,
				A99AE6191B7666DE00085138 /* MessageCellNode.swift in Sources */,
				A9D386401B7A897400DD8492 /* FAKIcon.m in Sources */,
				A9D6EC701B74D957002546A3 /* LoadingView.swift in Sources */,
				A9D3860A1B79253A00DD8492 /* EMPartialModalViewController.swift in Sources */,
				A99AE62C1B76A72C00085138 /* BaseSideMenuViewController.swift in Sources */,
				A9D386121B7A722200DD8492 /* MessagesViewController.swift in Sources */,
				A9D6EC6E1B74D957002546A3 /* EmptyView.swift in Sources */,
				A9B7D45C1B752E1700E79F12 /* LabelViewWithIcon.swift in Sources */,
				A966EDAB1B73D3BF002DFED8 /* UITextField+placeholder.swift in Sources */,
				A99AE6261B76950E00085138 /* SideMenuVIewController.swift in Sources */,
				A9B7D45A1B752C5D00E79F12 /* UIImageView+corderEdge.swift in Sources */,
				A9D3863F1B7A897400DD8492 /* FAKFoundationIcons.m in Sources */,
				A9D3860C1B792B6900DD8492 /* ProfileEditHeaderView.swift in Sources */,
				A966ED8D1B73A316002DFED8 /* UITextField+border.swift in Sources */,
				A9D3862A1B7A83E000DD8492 /* SBGestureTableViewCellSideView.swift in Sources */,
				A99AE6151B7666DE00085138 /* MessageCellNodeMetadataFactory.swift in Sources */,
				A9D386271B7A83E000DD8492 /* SBGestureTableView.swift in Sources */,
				A9D386281B7A83E000DD8492 /* SBGestureTableViewCell.swift in Sources */,
				A9D385D61B77665800DD8492 /* SettingsViewController.swift in Sources */,
				A99AE6221B7666F800085138 /* User.swift in Sources */,
				A99AE61A1B7666DE00085138 /* MessageContentNode.swift in Sources */,
				A9B7D45E1B752ED400E79F12 /* UIImage+tintColor.swift in Sources */,
				A99AE6161B7666DE00085138 /* MessageTimestampFormatter.swift in Sources */,
				A99AE6321B7747E800085138 /* NotificationViewCell.swift in Sources */,
				A99AE6181B7666DE00085138 /* MessageBubbleNodeFactory.swift in Sources */,
				A9D6EC791B74DCA6002546A3 /* String+localized.swift in Sources */,
				A99AE63A1B775DC400085138 /* SeperatorView.swift in Sources */,
				A9D6EC661B74D7D9002546A3 /* BaseQueryTableViewContoller.swift in Sources */,
				A9D386041B78F36100DD8492 /* ProfileEditViewController.swift in Sources */,
				A99AE61B1B7666DE00085138 /* MessageNetworkImageBubbleNode.swift in Sources */,
				A9D6EC581B7405A7002546A3 /* ViewStateMachine.swift in Sources */,
				A9D6EC641B74D76F002546A3 /* BaseQueryViewController.swift in Sources */,
				A966ED791B73891B002DFED8 /* AppViewController.swift in Sources */,
				A99AE6361B774BF600085138 /* UIButtonCircle.swift in Sources */,
				A9D385EA1B77F33C00DD8492 /* UIImage+Itunes11.swift in Sources */,
				A966ED5F1B737D10002DFED8 /* BaseViewController.swift in Sources */,
				A9D386021B786A9000DD8492 /* BaseFormViewController.swift in Sources */,
				A9D3862C1B7A84B600DD8492 /* BaseGestureQueryTableViewController.swift in Sources */,
				A966ED771B73871D002DFED8 /* SignUpViewController.swift in Sources */,
				A9D3863E1B7A897400DD8492 /* FAKFontAwesome.m in Sources */,
				A9D385F61B7807E800DD8492 /* NewPostViewController.swift in Sources */,
				A9D386291B7A83E000DD8492 /* SBGestureTableViewCellAction.swift in Sources */,
				A9D385E01B77A52000DD8492 /* DraftsViewController.swift in Sources */,
				A99AE6241B7686A700085138 /* BaseMessageCollectionView.swift in Sources */,
				A9D6EC6D1B74D957002546A3 /* BasicPlaceholderView.swift in Sources */,
				A9D6EC9E1B7515F6002546A3 /* ProfileHeaderView.swift in Sources */,
				A9D385F01B77F91C00DD8492 /* DraftsViewCell.swift in Sources */,
				A99AE61C1B7666DE00085138 /* MessageTextBubbleNode.swift in Sources */,
				A9D6EC6F1B74D957002546A3 /* ErrorView.swift in Sources */,
				A9D6EC571B7405A7002546A3 /* StatefulViewController.swift in Sources */,
				A9D385DE1B778EF600DD8492 /* BookmarksViewController.swift in Sources */,
				A99AE6111B7666DE00085138 /* AsyncMessagesCollectionViewDataSource.swift in Sources */,
				A966EDB01B7402BF002DFED8 /* ProfileViewController.swift in Sources */,
				A9D385F81B7807FE00DD8492 /* PostViewController.swift in Sources */,
				A9D6EC7B1B74E66E002546A3 /* FeedViewController.swift in Sources */,
				A99AE6381B774C2800085138 /* UIButtonRoundedBorder.swift in Sources */,
				A99AE6171B7666DE00085138 /* MessageData.swift in Sources */,
				A99AE6121B7666DE00085138 /* AsyncMessagesViewController.swift in Sources */,
				A9D386181B7A737B00DD8492 /* MessageViewCell.swift in Sources */,
				A9D385DA1B777DD300DD8492 /* NotificationFilterView.swift in Sources */,
				A9B7D4601B75424B00E79F12 /* UImageVIewCircle.swift in Sources */,
				A99AE6211B7666F800085138 /* Message.swift in Sources */,
				A966ED851B73A0FE002DFED8 /* Constants.swift in Sources */,
				A9D385EC1B77F4CC00DD8492 /* BaseQueryCollectionViewController.swift in Sources */,
				A966ED8B1B73A23A002DFED8 /* UIButton+border.swift in Sources */,
				A9D385EE1B77F5DB00DD8492 /* BookmarksViewCell.swift in Sources */,
			);
			runOnlyForDeploymentPostprocessing = 0;
		};
/* End PBXSourcesBuildPhase section */

/* Begin PBXVariantGroup section */
		81BA814E1A49DA1800E65899 /* Main.storyboard */ = {
			isa = PBXVariantGroup;
			children = (
				81BA814F1A49DA1800E65899 /* Base */,
				A92403581B7403F200C82A4B /* ru */,
			);
			name = Main.storyboard;
			path = ..;
			sourceTree = "<group>";
		};
/* End PBXVariantGroup section */

/* Begin XCBuildConfiguration section */
		81BA81621A49DA1800E65899 /* Debug */ = {
			isa = XCBuildConfiguration;
			buildSettings = {
				ALWAYS_SEARCH_USER_PATHS = NO;
				CLANG_CXX_LANGUAGE_STANDARD = "gnu++0x";
				CLANG_CXX_LIBRARY = "libc++";
				CLANG_ENABLE_MODULES = YES;
				CLANG_ENABLE_OBJC_ARC = YES;
				CLANG_WARN_BOOL_CONVERSION = YES;
				CLANG_WARN_CONSTANT_CONVERSION = YES;
				CLANG_WARN_DIRECT_OBJC_ISA_USAGE = YES_ERROR;
				CLANG_WARN_EMPTY_BODY = YES;
				CLANG_WARN_ENUM_CONVERSION = YES;
				CLANG_WARN_INT_CONVERSION = YES;
				CLANG_WARN_OBJC_ROOT_CLASS = YES_ERROR;
				CLANG_WARN_UNREACHABLE_CODE = YES;
				CLANG_WARN__DUPLICATE_METHOD_MATCH = YES;
				"CODE_SIGN_IDENTITY[sdk=iphoneos*]" = "iPhone Developer";
				COPY_PHASE_STRIP = NO;
				ENABLE_STRICT_OBJC_MSGSEND = YES;
				GCC_C_LANGUAGE_STANDARD = gnu99;
				GCC_DYNAMIC_NO_PIC = NO;
				GCC_OPTIMIZATION_LEVEL = 0;
				GCC_PREPROCESSOR_DEFINITIONS = (
					"DEBUG=1",
					"$(inherited)",
				);
				GCC_SYMBOLS_PRIVATE_EXTERN = NO;
				GCC_WARN_64_TO_32_BIT_CONVERSION = YES;
				GCC_WARN_ABOUT_RETURN_TYPE = YES_ERROR;
				GCC_WARN_UNDECLARED_SELECTOR = YES;
				GCC_WARN_UNINITIALIZED_AUTOS = YES_AGGRESSIVE;
				GCC_WARN_UNUSED_FUNCTION = YES;
				GCC_WARN_UNUSED_VARIABLE = YES;
				IPHONEOS_DEPLOYMENT_TARGET = 7.0;
				MTL_ENABLE_DEBUG_INFO = YES;
				ONLY_ACTIVE_ARCH = YES;
				SDKROOT = iphoneos;
				SWIFT_OPTIMIZATION_LEVEL = "-Onone";
				TARGETED_DEVICE_FAMILY = "1,2";
			};
			name = Debug;
		};
		81BA81631A49DA1800E65899 /* Release */ = {
			isa = XCBuildConfiguration;
			buildSettings = {
				ALWAYS_SEARCH_USER_PATHS = NO;
				CLANG_CXX_LANGUAGE_STANDARD = "gnu++0x";
				CLANG_CXX_LIBRARY = "libc++";
				CLANG_ENABLE_MODULES = YES;
				CLANG_ENABLE_OBJC_ARC = YES;
				CLANG_WARN_BOOL_CONVERSION = YES;
				CLANG_WARN_CONSTANT_CONVERSION = YES;
				CLANG_WARN_DIRECT_OBJC_ISA_USAGE = YES_ERROR;
				CLANG_WARN_EMPTY_BODY = YES;
				CLANG_WARN_ENUM_CONVERSION = YES;
				CLANG_WARN_INT_CONVERSION = YES;
				CLANG_WARN_OBJC_ROOT_CLASS = YES_ERROR;
				CLANG_WARN_UNREACHABLE_CODE = YES;
				CLANG_WARN__DUPLICATE_METHOD_MATCH = YES;
				"CODE_SIGN_IDENTITY[sdk=iphoneos*]" = "iPhone Developer";
				COPY_PHASE_STRIP = YES;
				ENABLE_NS_ASSERTIONS = NO;
				ENABLE_STRICT_OBJC_MSGSEND = YES;
				GCC_C_LANGUAGE_STANDARD = gnu99;
				GCC_WARN_64_TO_32_BIT_CONVERSION = YES;
				GCC_WARN_ABOUT_RETURN_TYPE = YES_ERROR;
				GCC_WARN_UNDECLARED_SELECTOR = YES;
				GCC_WARN_UNINITIALIZED_AUTOS = YES_AGGRESSIVE;
				GCC_WARN_UNUSED_FUNCTION = YES;
				GCC_WARN_UNUSED_VARIABLE = YES;
				IPHONEOS_DEPLOYMENT_TARGET = 7.0;
				MTL_ENABLE_DEBUG_INFO = NO;
				SDKROOT = iphoneos;
				TARGETED_DEVICE_FAMILY = "1,2";
				VALIDATE_PRODUCT = YES;
			};
			name = Release;
		};
		81BA81651A49DA1800E65899 /* Debug */ = {
			isa = XCBuildConfiguration;
			baseConfigurationReference = 49E21E2DED1F01F3A4E46DA0 /* Pods-Think.debug.xcconfig */;
			buildSettings = {
				ASSETCATALOG_COMPILER_APPICON_NAME = AppIcon;
				ASSETCATALOG_COMPILER_LAUNCHIMAGE_NAME = LaunchImage;
				CODE_SIGN_ENTITLEMENTS = Think.entitlements;
				FRAMEWORK_SEARCH_PATHS = (
					"$(inherited)",
					"$(PROJECT_DIR)",
					/Users/deniszaytcev/Documents/FacebookSDK,
				);
				INFOPLIST_FILE = ParseStarterProject/Info.plist;
				IPHONEOS_DEPLOYMENT_TARGET = 8.0;
				LD_RUNPATH_SEARCH_PATHS = "$(inherited) @executable_path/Frameworks";
				PRODUCT_NAME = Think;
				SWIFT_OBJC_BRIDGING_HEADER = "ParseStarterProject/ParseStarterProject-Bridging-Header.h";
			};
			name = Debug;
		};
		81BA81661A49DA1800E65899 /* Release */ = {
			isa = XCBuildConfiguration;
			baseConfigurationReference = 7D57E0D4D066DF7D206077EC /* Pods-Think.release.xcconfig */;
			buildSettings = {
				ASSETCATALOG_COMPILER_APPICON_NAME = AppIcon;
				ASSETCATALOG_COMPILER_LAUNCHIMAGE_NAME = LaunchImage;
				CODE_SIGN_ENTITLEMENTS = Think.entitlements;
				FRAMEWORK_SEARCH_PATHS = (
					"$(inherited)",
					"$(PROJECT_DIR)",
					/Users/deniszaytcev/Documents/FacebookSDK,
				);
				INFOPLIST_FILE = ParseStarterProject/Info.plist;
				IPHONEOS_DEPLOYMENT_TARGET = 8.0;
				LD_RUNPATH_SEARCH_PATHS = "$(inherited) @executable_path/Frameworks";
				PRODUCT_NAME = Think;
				SWIFT_OBJC_BRIDGING_HEADER = "ParseStarterProject/ParseStarterProject-Bridging-Header.h";
			};
			name = Release;
		};
/* End XCBuildConfiguration section */

/* Begin XCConfigurationList section */
		81BA81401A49DA1800E65899 /* Build configuration list for PBXProject "Think" */ = {
			isa = XCConfigurationList;
			buildConfigurations = (
				81BA81621A49DA1800E65899 /* Debug */,
				81BA81631A49DA1800E65899 /* Release */,
			);
			defaultConfigurationIsVisible = 0;
			defaultConfigurationName = Release;
		};
		81BA81641A49DA1800E65899 /* Build configuration list for PBXNativeTarget "Think" */ = {
			isa = XCConfigurationList;
			buildConfigurations = (
				81BA81651A49DA1800E65899 /* Debug */,
				81BA81661A49DA1800E65899 /* Release */,
			);
			defaultConfigurationIsVisible = 0;
			defaultConfigurationName = Release;
		};
/* End XCConfigurationList section */
	};
	rootObject = 81BA813D1A49DA1800E65899 /* Project object */;
}
